// !$*UTF8*$!
{
	archiveVersion = 1;
	classes = {
	};
	objectVersion = 52;
	objects = {

/* Begin PBXBuildFile section */
		1A15AB5E24B3B1F1007722A4 /* BFTextField.swift in Sources */ = {isa = PBXBuildFile; fileRef = 1A15AB5D24B3B1F1007722A4 /* BFTextField.swift */; };
		1A1B56DE24B396CA00294F22 /* SwipeableTabBarController in Frameworks */ = {isa = PBXBuildFile; productRef = 1A1B56DD24B396CA00294F22 /* SwipeableTabBarController */; };
		1A212A0924BC869100A0DCD3 /* BFFormCollectionViewController.swift in Sources */ = {isa = PBXBuildFile; fileRef = 1A212A0824BC869100A0DCD3 /* BFFormCollectionViewController.swift */; };
		1A212A0C24BC86C500A0DCD3 /* BFFormItem.swift in Sources */ = {isa = PBXBuildFile; fileRef = 1A212A0B24BC86C500A0DCD3 /* BFFormItem.swift */; };
		1A212A0E24BC86F800A0DCD3 /* BFFormItemType.swift in Sources */ = {isa = PBXBuildFile; fileRef = 1A212A0D24BC86F800A0DCD3 /* BFFormItemType.swift */; };
		1A212A1124BC87B000A0DCD3 /* BFSignInForm.swift in Sources */ = {isa = PBXBuildFile; fileRef = 1A212A1024BC87B000A0DCD3 /* BFSignInForm.swift */; };
		1A212A1324BC87FE00A0DCD3 /* BFForm.swift in Sources */ = {isa = PBXBuildFile; fileRef = 1A212A1224BC87FE00A0DCD3 /* BFForm.swift */; };
		1A212A1624BC890000A0DCD3 /* BFSignInData.swift in Sources */ = {isa = PBXBuildFile; fileRef = 1A212A1524BC890000A0DCD3 /* BFSignInData.swift */; };
		1A212A1924BC8A4D00A0DCD3 /* EmailValidationRequest.swift in Sources */ = {isa = PBXBuildFile; fileRef = 1A212A1824BC8A4D00A0DCD3 /* EmailValidationRequest.swift */; };
		1A212A1B24BC8A5600A0DCD3 /* UsernameValidationRequest.swift in Sources */ = {isa = PBXBuildFile; fileRef = 1A212A1A24BC8A5600A0DCD3 /* UsernameValidationRequest.swift */; };
		1A212A1D24BC8A6100A0DCD3 /* OAuthRequest.swift in Sources */ = {isa = PBXBuildFile; fileRef = 1A212A1C24BC8A6100A0DCD3 /* OAuthRequest.swift */; };
		1A212A2124BC8B0100A0DCD3 /* EmailValidationResponse.swift in Sources */ = {isa = PBXBuildFile; fileRef = 1A212A2024BC8B0100A0DCD3 /* EmailValidationResponse.swift */; };
		1A212A2324BC8B3D00A0DCD3 /* EmailValidationQueryParams.swift in Sources */ = {isa = PBXBuildFile; fileRef = 1A212A2224BC8B3D00A0DCD3 /* EmailValidationQueryParams.swift */; };
		1A212A2624BC8C1900A0DCD3 /* UsernameValidationResponse.swift in Sources */ = {isa = PBXBuildFile; fileRef = 1A212A2524BC8C1900A0DCD3 /* UsernameValidationResponse.swift */; };
		1A212A2824BC8C3500A0DCD3 /* UsernameValidationQueryParams.swift in Sources */ = {isa = PBXBuildFile; fileRef = 1A212A2724BC8C3500A0DCD3 /* UsernameValidationQueryParams.swift */; };
		1A212A2B24BC8CEF00A0DCD3 /* OAuthResponse.swift in Sources */ = {isa = PBXBuildFile; fileRef = 1A212A2A24BC8CEF00A0DCD3 /* OAuthResponse.swift */; };
		1A212A2D24BC8CF700A0DCD3 /* OAuthRequestBody.swift in Sources */ = {isa = PBXBuildFile; fileRef = 1A212A2C24BC8CF700A0DCD3 /* OAuthRequestBody.swift */; };
		1A212A3024BC8EF600A0DCD3 /* SignupRequestBody.swift in Sources */ = {isa = PBXBuildFile; fileRef = 1A212A2F24BC8EF600A0DCD3 /* SignupRequestBody.swift */; };
		1A212A3224BC8EFD00A0DCD3 /* SignupRequest.swift in Sources */ = {isa = PBXBuildFile; fileRef = 1A212A3124BC8EFD00A0DCD3 /* SignupRequest.swift */; };
		1A212A3424BC8F0300A0DCD3 /* SignupResponse.swift in Sources */ = {isa = PBXBuildFile; fileRef = 1A212A3324BC8F0300A0DCD3 /* SignupResponse.swift */; };
		1A24430B24A0D2750039BAAB /* UIFont+Extensions.swift in Sources */ = {isa = PBXBuildFile; fileRef = 1A24430A24A0D2750039BAAB /* UIFont+Extensions.swift */; };
		1A24430E24A0D83E0039BAAB /* BFFeedTableViewController.swift in Sources */ = {isa = PBXBuildFile; fileRef = 1A24430D24A0D83E0039BAAB /* BFFeedTableViewController.swift */; };
		1A24431124A0DAFE0039BAAB /* PostHeaderCell.swift in Sources */ = {isa = PBXBuildFile; fileRef = 1A24431024A0DAFE0039BAAB /* PostHeaderCell.swift */; };
		1A24431324A0DB750039BAAB /* PostActionsCell.swift in Sources */ = {isa = PBXBuildFile; fileRef = 1A24431224A0DB750039BAAB /* PostActionsCell.swift */; };
		1A24431524A0E7930039BAAB /* UIViewController+Extensions.swift in Sources */ = {isa = PBXBuildFile; fileRef = 1A24431424A0E7930039BAAB /* UIViewController+Extensions.swift */; };
		1A24431724A0E7BF0039BAAB /* AuthenticationType.swift in Sources */ = {isa = PBXBuildFile; fileRef = 1A24431624A0E7BF0039BAAB /* AuthenticationType.swift */; };
		1A57FAE7249F5D3D00A407F9 /* BFTabBarController.swift in Sources */ = {isa = PBXBuildFile; fileRef = 1A57FAE6249F5D3D00A407F9 /* BFTabBarController.swift */; };
		1A57FAEA249F5D8800A407F9 /* UIView+Extensions.swift in Sources */ = {isa = PBXBuildFile; fileRef = 1A57FAE9249F5D8800A407F9 /* UIView+Extensions.swift */; };
		1A6859BA249F61FB008DB6BC /* CreatePostViewController.swift in Sources */ = {isa = PBXBuildFile; fileRef = 1A6859B9249F61FB008DB6BC /* CreatePostViewController.swift */; };
		1A6859BD249F632A008DB6BC /* FriendsTableViewController.swift in Sources */ = {isa = PBXBuildFile; fileRef = 1A6859BC249F632A008DB6BC /* FriendsTableViewController.swift */; };
		1A6859BF249F6376008DB6BC /* FriendTableViewCell.swift in Sources */ = {isa = PBXBuildFile; fileRef = 1A6859BE249F6376008DB6BC /* FriendTableViewCell.swift */; };
		1A6F958624B8E0C4004A20F4 /* GetStartedViewController.swift in Sources */ = {isa = PBXBuildFile; fileRef = 1A6F958524B8E0C4004A20F4 /* GetStartedViewController.swift */; };
		1A6F958924B8E6AC004A20F4 /* KeychainSwift in Frameworks */ = {isa = PBXBuildFile; productRef = 1A6F958824B8E6AC004A20F4 /* KeychainSwift */; };
		1A6F958C24B8E6C8004A20F4 /* Keychainable.swift in Sources */ = {isa = PBXBuildFile; fileRef = 1A6F958B24B8E6C8004A20F4 /* Keychainable.swift */; };
		1A6F958E24B8E6DA004A20F4 /* KeychainKey.swift in Sources */ = {isa = PBXBuildFile; fileRef = 1A6F958D24B8E6DA004A20F4 /* KeychainKey.swift */; };
		1A6F959024B8E6FD004A20F4 /* KeychainProperty.swift in Sources */ = {isa = PBXBuildFile; fileRef = 1A6F958F24B8E6FD004A20F4 /* KeychainProperty.swift */; };
		1A6F959224B8E712004A20F4 /* KeychainVault.swift in Sources */ = {isa = PBXBuildFile; fileRef = 1A6F959124B8E712004A20F4 /* KeychainVault.swift */; };
		1A6F959424B8E88E004A20F4 /* BFAppError.swift in Sources */ = {isa = PBXBuildFile; fileRef = 1A6F959324B8E88E004A20F4 /* BFAppError.swift */; };
		1A7854B8249FBA5400BA1589 /* BFCore.framework in Frameworks */ = {isa = PBXBuildFile; fileRef = 1A7854AF249FBA5400BA1589 /* BFCore.framework */; };
		1A7854BF249FBA5400BA1589 /* BFCoreTests.swift in Sources */ = {isa = PBXBuildFile; fileRef = 1A7854BE249FBA5400BA1589 /* BFCoreTests.swift */; };
		1A7854C1249FBA5400BA1589 /* BFCore.h in Headers */ = {isa = PBXBuildFile; fileRef = 1A7854B1249FBA5400BA1589 /* BFCore.h */; settings = {ATTRIBUTES = (Public, ); }; };
		1A7854C4249FBA5400BA1589 /* BFCore.framework in Frameworks */ = {isa = PBXBuildFile; fileRef = 1A7854AF249FBA5400BA1589 /* BFCore.framework */; };
		1A7854C5249FBA5400BA1589 /* BFCore.framework in Embed Frameworks */ = {isa = PBXBuildFile; fileRef = 1A7854AF249FBA5400BA1589 /* BFCore.framework */; settings = {ATTRIBUTES = (CodeSignOnCopy, RemoveHeadersOnCopy, ); }; };
		1A7854CD249FBA6C00BA1589 /* User.swift in Sources */ = {isa = PBXBuildFile; fileRef = 1A7854CC249FBA6C00BA1589 /* User.swift */; };
		1A7854CF249FBAE600BA1589 /* MyCampsRequest.swift in Sources */ = {isa = PBXBuildFile; fileRef = 1A7854CE249FBAE600BA1589 /* MyCampsRequest.swift */; };
		1A7854D2249FBB1300BA1589 /* BFCore.framework in Frameworks */ = {isa = PBXBuildFile; fileRef = 1A7854AF249FBA5400BA1589 /* BFCore.framework */; };
		1A7854D8249FBBBA00BA1589 /* CampController.swift in Sources */ = {isa = PBXBuildFile; fileRef = 1A7854D7249FBBBA00BA1589 /* CampController.swift */; };
		1A7854DB249FBBC500BA1589 /* CampControllerProtocol.swift in Sources */ = {isa = PBXBuildFile; fileRef = 1A7854DA249FBBC500BA1589 /* CampControllerProtocol.swift */; };
		1A7854DD249FBBF700BA1589 /* Camp.swift in Sources */ = {isa = PBXBuildFile; fileRef = 1A7854DC249FBBF700BA1589 /* Camp.swift */; };
		1A7854DF249FBC2300BA1589 /* Post.swift in Sources */ = {isa = PBXBuildFile; fileRef = 1A7854DE249FBC2300BA1589 /* Post.swift */; };
		1A7854E2249FBCEB00BA1589 /* BFSegmentedControl.swift in Sources */ = {isa = PBXBuildFile; fileRef = 1A7854E1249FBCEB00BA1589 /* BFSegmentedControl.swift */; };
		1A7854E4249FC07600BA1589 /* Identity.swift in Sources */ = {isa = PBXBuildFile; fileRef = 1A7854E3249FC07600BA1589 /* Identity.swift */; };
		1A7854E6249FC09400BA1589 /* Bot.swift in Sources */ = {isa = PBXBuildFile; fileRef = 1A7854E5249FC09400BA1589 /* Bot.swift */; };
		1A7854E824A0B77800BA1589 /* BFNavigationController.swift in Sources */ = {isa = PBXBuildFile; fileRef = 1A7854E724A0B77800BA1589 /* BFNavigationController.swift */; };
		1A7854EB24A0CF2800BA1589 /* BFSegmentedControlItem.swift in Sources */ = {isa = PBXBuildFile; fileRef = 1A7854EA24A0CF2800BA1589 /* BFSegmentedControlItem.swift */; };
		1A8446FE249C8652002813CB /* AppDelegate.swift in Sources */ = {isa = PBXBuildFile; fileRef = 1A8446FD249C8652002813CB /* AppDelegate.swift */; };
		1A844700249C8652002813CB /* SceneDelegate.swift in Sources */ = {isa = PBXBuildFile; fileRef = 1A8446FF249C8652002813CB /* SceneDelegate.swift */; };
		1A844702249C8652002813CB /* HomeViewController.swift in Sources */ = {isa = PBXBuildFile; fileRef = 1A844701249C8652002813CB /* HomeViewController.swift */; };
		1A844707249C8655002813CB /* Assets.xcassets in Resources */ = {isa = PBXBuildFile; fileRef = 1A844706249C8655002813CB /* Assets.xcassets */; };
		1A84470A249C8655002813CB /* LaunchScreen.storyboard in Resources */ = {isa = PBXBuildFile; fileRef = 1A844708249C8655002813CB /* LaunchScreen.storyboard */; };
		1A844728249D4B88002813CB /* BFNetworking.framework in Frameworks */ = {isa = PBXBuildFile; fileRef = 1A84471F249D4B88002813CB /* BFNetworking.framework */; };
		1A84472F249D4B88002813CB /* BFNetworkingTests.swift in Sources */ = {isa = PBXBuildFile; fileRef = 1A84472E249D4B88002813CB /* BFNetworkingTests.swift */; };
		1A844731249D4B88002813CB /* BFNetworking.h in Headers */ = {isa = PBXBuildFile; fileRef = 1A844721249D4B88002813CB /* BFNetworking.h */; settings = {ATTRIBUTES = (Public, ); }; };
		1A844734249D4B88002813CB /* BFNetworking.framework in Frameworks */ = {isa = PBXBuildFile; fileRef = 1A84471F249D4B88002813CB /* BFNetworking.framework */; };
		1A844735249D4B88002813CB /* BFNetworking.framework in Embed Frameworks */ = {isa = PBXBuildFile; fileRef = 1A84471F249D4B88002813CB /* BFNetworking.framework */; settings = {ATTRIBUTES = (CodeSignOnCopy, RemoveHeadersOnCopy, ); }; };
		1A84473D249D4B98002813CB /* APIClient.swift in Sources */ = {isa = PBXBuildFile; fileRef = 1A844714249D4AEF002813CB /* APIClient.swift */; };
		1A84473E249D4B9B002813CB /* APIRequest.swift in Sources */ = {isa = PBXBuildFile; fileRef = 1A844716249D4B0C002813CB /* APIRequest.swift */; };
		1A84473F249D4B9B002813CB /* APIError.swift in Sources */ = {isa = PBXBuildFile; fileRef = 1A844718249D4B1C002813CB /* APIError.swift */; };
		1A844742249D4C70002813CB /* FriendsViewController.swift in Sources */ = {isa = PBXBuildFile; fileRef = 1A844741249D4C70002813CB /* FriendsViewController.swift */; };
		1A844744249D4C78002813CB /* CampsViewController.swift in Sources */ = {isa = PBXBuildFile; fileRef = 1A844743249D4C78002813CB /* CampsViewController.swift */; };
		1A847D3224B08A7600530614 /* BFMedia.swift in Sources */ = {isa = PBXBuildFile; fileRef = 1A847D3124B08A7600530614 /* BFMedia.swift */; };
		1A847D3424B08A9400530614 /* BFMediaResolution.swift in Sources */ = {isa = PBXBuildFile; fileRef = 1A847D3324B08A9400530614 /* BFMediaResolution.swift */; };
		1A847D3624B08B1A00530614 /* BFMediaType.swift in Sources */ = {isa = PBXBuildFile; fileRef = 1A847D3524B08B1A00530614 /* BFMediaType.swift */; };
		1A847D3924B1B65800530614 /* PostImageAttachmentCell.swift in Sources */ = {isa = PBXBuildFile; fileRef = 1A847D3824B1B65800530614 /* PostImageAttachmentCell.swift */; };
		1A847D3D24B1BAB300530614 /* Section.swift in Sources */ = {isa = PBXBuildFile; fileRef = 1A847D3C24B1BAB300530614 /* Section.swift */; };
		1A847D4124B1BB6E00530614 /* UserStreamRequest.swift in Sources */ = {isa = PBXBuildFile; fileRef = 1A847D4024B1BB6E00530614 /* UserStreamRequest.swift */; };
		1A847D4324B1BB7500530614 /* UserStreamResponse.swift in Sources */ = {isa = PBXBuildFile; fileRef = 1A847D4224B1BB7500530614 /* UserStreamResponse.swift */; };
		1A847D4624B1BC1900530614 /* StreamControllerProtocol.swift in Sources */ = {isa = PBXBuildFile; fileRef = 1A847D4524B1BC1900530614 /* StreamControllerProtocol.swift */; };
		1A847D4824B1BC2000530614 /* StreamController.swift in Sources */ = {isa = PBXBuildFile; fileRef = 1A847D4724B1BC2000530614 /* StreamController.swift */; };
		1A847D4B24B1E47600530614 /* BFContext.swift in Sources */ = {isa = PBXBuildFile; fileRef = 1A847D4A24B1E47600530614 /* BFContext.swift */; };
		1A847D4D24B1E48E00530614 /* BFPostContext.swift in Sources */ = {isa = PBXBuildFile; fileRef = 1A847D4C24B1E48E00530614 /* BFPostContext.swift */; };
		1A847D5024B1E4C700530614 /* BFSummaries.swift in Sources */ = {isa = PBXBuildFile; fileRef = 1A847D4F24B1E4C700530614 /* BFSummaries.swift */; };
		1A847D5224B1E4E000530614 /* BFCountSummaries.swift in Sources */ = {isa = PBXBuildFile; fileRef = 1A847D5124B1E4E000530614 /* BFCountSummaries.swift */; };
		1A847D5524B1EDDB00530614 /* Kingfisher in Frameworks */ = {isa = PBXBuildFile; productRef = 1A847D5424B1EDDB00530614 /* Kingfisher */; };
		1A847D5824B2426200530614 /* Hero in Frameworks */ = {isa = PBXBuildFile; productRef = 1A847D5724B2426200530614 /* Hero */; };
		1A847D5A24B2432800530614 /* CampDetailViewController.swift in Sources */ = {isa = PBXBuildFile; fileRef = 1A847D5924B2432800530614 /* CampDetailViewController.swift */; };
		1A847D5D24B247C900530614 /* BFViewController.swift in Sources */ = {isa = PBXBuildFile; fileRef = 1A847D5C24B247C900530614 /* BFViewController.swift */; };
		1A8FD29924A4E73D00F9EC5F /* MyCampsResponse.swift in Sources */ = {isa = PBXBuildFile; fileRef = 1A8FD29824A4E73D00F9EC5F /* MyCampsResponse.swift */; };
		1A94DECC249F70D600AB0200 /* RoundedImageView.swift in Sources */ = {isa = PBXBuildFile; fileRef = 1A94DECB249F70D600AB0200 /* RoundedImageView.swift */; };
		1A94DECF249FB47D00AB0200 /* CampsTableViewController.swift in Sources */ = {isa = PBXBuildFile; fileRef = 1A94DECE249FB47D00AB0200 /* CampsTableViewController.swift */; };
		1A94DED3249FB49B00AB0200 /* CampsTableViewCell.swift in Sources */ = {isa = PBXBuildFile; fileRef = 1A94DED2249FB49B00AB0200 /* CampsTableViewCell.swift */; };
		1A94DED6249FB5FC00AB0200 /* FriendController.swift in Sources */ = {isa = PBXBuildFile; fileRef = 1A94DED5249FB5FC00AB0200 /* FriendController.swift */; };
		1A94DED9249FB61500AB0200 /* FriendControllerProtocol.swift in Sources */ = {isa = PBXBuildFile; fileRef = 1A94DED8249FB61500AB0200 /* FriendControllerProtocol.swift */; };
		1A9ECBDE24AA443F00391279 /* UserFriendsRequest.swift in Sources */ = {isa = PBXBuildFile; fileRef = 1A9ECBDD24AA443F00391279 /* UserFriendsRequest.swift */; };
		1A9ECBE024AA44D400391279 /* UserFriendsResponse.swift in Sources */ = {isa = PBXBuildFile; fileRef = 1A9ECBDF24AA44D400391279 /* UserFriendsResponse.swift */; };
		1A9ECBE224AA471100391279 /* BFResource.swift in Sources */ = {isa = PBXBuildFile; fileRef = 1A9ECBE124AA471100391279 /* BFResource.swift */; };
		1AAC6F0F24B3A5C400EFD803 /* AddReplyCell.swift in Sources */ = {isa = PBXBuildFile; fileRef = 1AAC6F0E24B3A5C400EFD803 /* AddReplyCell.swift */; };
		1ABDB17524A35EE100D05140 /* PostMessageCell.swift in Sources */ = {isa = PBXBuildFile; fileRef = 1ABDB17424A35EE100D05140 /* PostMessageCell.swift */; };
		1AF7FCEC24A2700B003FCF9F /* BFSegmentedControlButton.swift in Sources */ = {isa = PBXBuildFile; fileRef = 1AF7FCEB24A2700B003FCF9F /* BFSegmentedControlButton.swift */; };
		1AFFB1C6249D514900E67E89 /* Constants.swift in Sources */ = {isa = PBXBuildFile; fileRef = 1AFFB1C5249D514900E67E89 /* Constants.swift */; };
		D9EB895D24BE83ED00BC6F6D /* UIColor+Extensions.swift in Sources */ = {isa = PBXBuildFile; fileRef = D9EB895C24BE83ED00BC6F6D /* UIColor+Extensions.swift */; };
		D9EB895F24BE911B00BC6F6D /* String+Extensions.swift in Sources */ = {isa = PBXBuildFile; fileRef = D9EB895E24BE911B00BC6F6D /* String+Extensions.swift */; };
/* End PBXBuildFile section */

/* Begin PBXContainerItemProxy section */
		1A7854B9249FBA5400BA1589 /* PBXContainerItemProxy */ = {
			isa = PBXContainerItemProxy;
			containerPortal = 1A8446F2249C8652002813CB /* Project object */;
			proxyType = 1;
			remoteGlobalIDString = 1A7854AE249FBA5400BA1589;
			remoteInfo = BFCore;
		};
		1A7854BB249FBA5400BA1589 /* PBXContainerItemProxy */ = {
			isa = PBXContainerItemProxy;
			containerPortal = 1A8446F2249C8652002813CB /* Project object */;
			proxyType = 1;
			remoteGlobalIDString = 1A8446F9249C8652002813CB;
			remoteInfo = Bonfire;
		};
		1A7854C2249FBA5400BA1589 /* PBXContainerItemProxy */ = {
			isa = PBXContainerItemProxy;
			containerPortal = 1A8446F2249C8652002813CB /* Project object */;
			proxyType = 1;
			remoteGlobalIDString = 1A7854AE249FBA5400BA1589;
			remoteInfo = BFCore;
		};
		1A7854D4249FBB1300BA1589 /* PBXContainerItemProxy */ = {
			isa = PBXContainerItemProxy;
			containerPortal = 1A8446F2249C8652002813CB /* Project object */;
			proxyType = 1;
			remoteGlobalIDString = 1A7854AE249FBA5400BA1589;
			remoteInfo = BFCore;
		};
		1A844729249D4B88002813CB /* PBXContainerItemProxy */ = {
			isa = PBXContainerItemProxy;
			containerPortal = 1A8446F2249C8652002813CB /* Project object */;
			proxyType = 1;
			remoteGlobalIDString = 1A84471E249D4B88002813CB;
			remoteInfo = BFNetworking;
		};
		1A84472B249D4B88002813CB /* PBXContainerItemProxy */ = {
			isa = PBXContainerItemProxy;
			containerPortal = 1A8446F2249C8652002813CB /* Project object */;
			proxyType = 1;
			remoteGlobalIDString = 1A8446F9249C8652002813CB;
			remoteInfo = Bonfire;
		};
		1A844732249D4B88002813CB /* PBXContainerItemProxy */ = {
			isa = PBXContainerItemProxy;
			containerPortal = 1A8446F2249C8652002813CB /* Project object */;
			proxyType = 1;
			remoteGlobalIDString = 1A84471E249D4B88002813CB;
			remoteInfo = BFNetworking;
		};
/* End PBXContainerItemProxy section */

/* Begin PBXCopyFilesBuildPhase section */
		1A844739249D4B88002813CB /* Embed Frameworks */ = {
			isa = PBXCopyFilesBuildPhase;
			buildActionMask = 2147483647;
			dstPath = "";
			dstSubfolderSpec = 10;
			files = (
				1A844735249D4B88002813CB /* BFNetworking.framework in Embed Frameworks */,
				1A7854C5249FBA5400BA1589 /* BFCore.framework in Embed Frameworks */,
			);
			name = "Embed Frameworks";
			runOnlyForDeploymentPostprocessing = 0;
		};
/* End PBXCopyFilesBuildPhase section */

/* Begin PBXFileReference section */
		1A15AB5D24B3B1F1007722A4 /* BFTextField.swift */ = {isa = PBXFileReference; lastKnownFileType = sourcecode.swift; path = BFTextField.swift; sourceTree = "<group>"; };
		1A212A0824BC869100A0DCD3 /* BFFormCollectionViewController.swift */ = {isa = PBXFileReference; lastKnownFileType = sourcecode.swift; path = BFFormCollectionViewController.swift; sourceTree = "<group>"; };
		1A212A0B24BC86C500A0DCD3 /* BFFormItem.swift */ = {isa = PBXFileReference; lastKnownFileType = sourcecode.swift; path = BFFormItem.swift; sourceTree = "<group>"; };
		1A212A0D24BC86F800A0DCD3 /* BFFormItemType.swift */ = {isa = PBXFileReference; lastKnownFileType = sourcecode.swift; path = BFFormItemType.swift; sourceTree = "<group>"; };
		1A212A1024BC87B000A0DCD3 /* BFSignInForm.swift */ = {isa = PBXFileReference; lastKnownFileType = sourcecode.swift; path = BFSignInForm.swift; sourceTree = "<group>"; };
		1A212A1224BC87FE00A0DCD3 /* BFForm.swift */ = {isa = PBXFileReference; lastKnownFileType = sourcecode.swift; path = BFForm.swift; sourceTree = "<group>"; };
		1A212A1524BC890000A0DCD3 /* BFSignInData.swift */ = {isa = PBXFileReference; lastKnownFileType = sourcecode.swift; path = BFSignInData.swift; sourceTree = "<group>"; };
		1A212A1824BC8A4D00A0DCD3 /* EmailValidationRequest.swift */ = {isa = PBXFileReference; lastKnownFileType = sourcecode.swift; path = EmailValidationRequest.swift; sourceTree = "<group>"; };
		1A212A1A24BC8A5600A0DCD3 /* UsernameValidationRequest.swift */ = {isa = PBXFileReference; lastKnownFileType = sourcecode.swift; path = UsernameValidationRequest.swift; sourceTree = "<group>"; };
		1A212A1C24BC8A6100A0DCD3 /* OAuthRequest.swift */ = {isa = PBXFileReference; lastKnownFileType = sourcecode.swift; path = OAuthRequest.swift; sourceTree = "<group>"; };
		1A212A2024BC8B0100A0DCD3 /* EmailValidationResponse.swift */ = {isa = PBXFileReference; lastKnownFileType = sourcecode.swift; path = EmailValidationResponse.swift; sourceTree = "<group>"; };
		1A212A2224BC8B3D00A0DCD3 /* EmailValidationQueryParams.swift */ = {isa = PBXFileReference; lastKnownFileType = sourcecode.swift; path = EmailValidationQueryParams.swift; sourceTree = "<group>"; };
		1A212A2524BC8C1900A0DCD3 /* UsernameValidationResponse.swift */ = {isa = PBXFileReference; lastKnownFileType = sourcecode.swift; path = UsernameValidationResponse.swift; sourceTree = "<group>"; };
		1A212A2724BC8C3500A0DCD3 /* UsernameValidationQueryParams.swift */ = {isa = PBXFileReference; lastKnownFileType = sourcecode.swift; path = UsernameValidationQueryParams.swift; sourceTree = "<group>"; };
		1A212A2A24BC8CEF00A0DCD3 /* OAuthResponse.swift */ = {isa = PBXFileReference; lastKnownFileType = sourcecode.swift; path = OAuthResponse.swift; sourceTree = "<group>"; };
		1A212A2C24BC8CF700A0DCD3 /* OAuthRequestBody.swift */ = {isa = PBXFileReference; lastKnownFileType = sourcecode.swift; path = OAuthRequestBody.swift; sourceTree = "<group>"; };
		1A212A2F24BC8EF600A0DCD3 /* SignupRequestBody.swift */ = {isa = PBXFileReference; lastKnownFileType = sourcecode.swift; path = SignupRequestBody.swift; sourceTree = "<group>"; };
		1A212A3124BC8EFD00A0DCD3 /* SignupRequest.swift */ = {isa = PBXFileReference; lastKnownFileType = sourcecode.swift; path = SignupRequest.swift; sourceTree = "<group>"; };
		1A212A3324BC8F0300A0DCD3 /* SignupResponse.swift */ = {isa = PBXFileReference; lastKnownFileType = sourcecode.swift; path = SignupResponse.swift; sourceTree = "<group>"; };
		1A24430A24A0D2750039BAAB /* UIFont+Extensions.swift */ = {isa = PBXFileReference; lastKnownFileType = sourcecode.swift; path = "UIFont+Extensions.swift"; sourceTree = "<group>"; };
		1A24430D24A0D83E0039BAAB /* BFFeedTableViewController.swift */ = {isa = PBXFileReference; lastKnownFileType = sourcecode.swift; path = BFFeedTableViewController.swift; sourceTree = "<group>"; };
		1A24431024A0DAFE0039BAAB /* PostHeaderCell.swift */ = {isa = PBXFileReference; lastKnownFileType = sourcecode.swift; path = PostHeaderCell.swift; sourceTree = "<group>"; };
		1A24431224A0DB750039BAAB /* PostActionsCell.swift */ = {isa = PBXFileReference; lastKnownFileType = sourcecode.swift; path = PostActionsCell.swift; sourceTree = "<group>"; };
		1A24431424A0E7930039BAAB /* UIViewController+Extensions.swift */ = {isa = PBXFileReference; lastKnownFileType = sourcecode.swift; path = "UIViewController+Extensions.swift"; sourceTree = "<group>"; };
		1A24431624A0E7BF0039BAAB /* AuthenticationType.swift */ = {isa = PBXFileReference; lastKnownFileType = sourcecode.swift; path = AuthenticationType.swift; sourceTree = "<group>"; };
		1A57FAE6249F5D3D00A407F9 /* BFTabBarController.swift */ = {isa = PBXFileReference; lastKnownFileType = sourcecode.swift; path = BFTabBarController.swift; sourceTree = "<group>"; };
		1A57FAE9249F5D8800A407F9 /* UIView+Extensions.swift */ = {isa = PBXFileReference; lastKnownFileType = sourcecode.swift; path = "UIView+Extensions.swift"; sourceTree = "<group>"; };
		1A6859B9249F61FB008DB6BC /* CreatePostViewController.swift */ = {isa = PBXFileReference; lastKnownFileType = sourcecode.swift; path = CreatePostViewController.swift; sourceTree = "<group>"; };
		1A6859BC249F632A008DB6BC /* FriendsTableViewController.swift */ = {isa = PBXFileReference; lastKnownFileType = sourcecode.swift; path = FriendsTableViewController.swift; sourceTree = "<group>"; };
		1A6859BE249F6376008DB6BC /* FriendTableViewCell.swift */ = {isa = PBXFileReference; lastKnownFileType = sourcecode.swift; path = FriendTableViewCell.swift; sourceTree = "<group>"; };
		1A6F958524B8E0C4004A20F4 /* GetStartedViewController.swift */ = {isa = PBXFileReference; lastKnownFileType = sourcecode.swift; path = GetStartedViewController.swift; sourceTree = "<group>"; };
		1A6F958B24B8E6C8004A20F4 /* Keychainable.swift */ = {isa = PBXFileReference; lastKnownFileType = sourcecode.swift; path = Keychainable.swift; sourceTree = "<group>"; };
		1A6F958D24B8E6DA004A20F4 /* KeychainKey.swift */ = {isa = PBXFileReference; lastKnownFileType = sourcecode.swift; path = KeychainKey.swift; sourceTree = "<group>"; };
		1A6F958F24B8E6FD004A20F4 /* KeychainProperty.swift */ = {isa = PBXFileReference; lastKnownFileType = sourcecode.swift; path = KeychainProperty.swift; sourceTree = "<group>"; };
		1A6F959124B8E712004A20F4 /* KeychainVault.swift */ = {isa = PBXFileReference; lastKnownFileType = sourcecode.swift; path = KeychainVault.swift; sourceTree = "<group>"; };
		1A6F959324B8E88E004A20F4 /* BFAppError.swift */ = {isa = PBXFileReference; lastKnownFileType = sourcecode.swift; path = BFAppError.swift; sourceTree = "<group>"; };
		1A7854AF249FBA5400BA1589 /* BFCore.framework */ = {isa = PBXFileReference; explicitFileType = wrapper.framework; includeInIndex = 0; path = BFCore.framework; sourceTree = BUILT_PRODUCTS_DIR; };
		1A7854B1249FBA5400BA1589 /* BFCore.h */ = {isa = PBXFileReference; lastKnownFileType = sourcecode.c.h; path = BFCore.h; sourceTree = "<group>"; };
		1A7854B2249FBA5400BA1589 /* Info.plist */ = {isa = PBXFileReference; lastKnownFileType = text.plist.xml; path = Info.plist; sourceTree = "<group>"; };
		1A7854B7249FBA5400BA1589 /* BFCoreTests.xctest */ = {isa = PBXFileReference; explicitFileType = wrapper.cfbundle; includeInIndex = 0; path = BFCoreTests.xctest; sourceTree = BUILT_PRODUCTS_DIR; };
		1A7854BE249FBA5400BA1589 /* BFCoreTests.swift */ = {isa = PBXFileReference; lastKnownFileType = sourcecode.swift; path = BFCoreTests.swift; sourceTree = "<group>"; };
		1A7854C0249FBA5400BA1589 /* Info.plist */ = {isa = PBXFileReference; lastKnownFileType = text.plist.xml; path = Info.plist; sourceTree = "<group>"; };
		1A7854CC249FBA6C00BA1589 /* User.swift */ = {isa = PBXFileReference; lastKnownFileType = sourcecode.swift; path = User.swift; sourceTree = "<group>"; };
		1A7854CE249FBAE600BA1589 /* MyCampsRequest.swift */ = {isa = PBXFileReference; lastKnownFileType = sourcecode.swift; path = MyCampsRequest.swift; sourceTree = "<group>"; };
		1A7854D7249FBBBA00BA1589 /* CampController.swift */ = {isa = PBXFileReference; lastKnownFileType = sourcecode.swift; path = CampController.swift; sourceTree = "<group>"; };
		1A7854DA249FBBC500BA1589 /* CampControllerProtocol.swift */ = {isa = PBXFileReference; lastKnownFileType = sourcecode.swift; path = CampControllerProtocol.swift; sourceTree = "<group>"; };
		1A7854DC249FBBF700BA1589 /* Camp.swift */ = {isa = PBXFileReference; lastKnownFileType = sourcecode.swift; path = Camp.swift; sourceTree = "<group>"; };
		1A7854DE249FBC2300BA1589 /* Post.swift */ = {isa = PBXFileReference; lastKnownFileType = sourcecode.swift; path = Post.swift; sourceTree = "<group>"; };
		1A7854E1249FBCEB00BA1589 /* BFSegmentedControl.swift */ = {isa = PBXFileReference; lastKnownFileType = sourcecode.swift; path = BFSegmentedControl.swift; sourceTree = "<group>"; };
		1A7854E3249FC07600BA1589 /* Identity.swift */ = {isa = PBXFileReference; lastKnownFileType = sourcecode.swift; path = Identity.swift; sourceTree = "<group>"; };
		1A7854E5249FC09400BA1589 /* Bot.swift */ = {isa = PBXFileReference; lastKnownFileType = sourcecode.swift; path = Bot.swift; sourceTree = "<group>"; };
		1A7854E724A0B77800BA1589 /* BFNavigationController.swift */ = {isa = PBXFileReference; lastKnownFileType = sourcecode.swift; path = BFNavigationController.swift; sourceTree = "<group>"; };
		1A7854EA24A0CF2800BA1589 /* BFSegmentedControlItem.swift */ = {isa = PBXFileReference; lastKnownFileType = sourcecode.swift; path = BFSegmentedControlItem.swift; sourceTree = "<group>"; };
		1A8446FA249C8652002813CB /* Bonfire.app */ = {isa = PBXFileReference; explicitFileType = wrapper.application; includeInIndex = 0; path = Bonfire.app; sourceTree = BUILT_PRODUCTS_DIR; };
		1A8446FD249C8652002813CB /* AppDelegate.swift */ = {isa = PBXFileReference; lastKnownFileType = sourcecode.swift; path = AppDelegate.swift; sourceTree = "<group>"; };
		1A8446FF249C8652002813CB /* SceneDelegate.swift */ = {isa = PBXFileReference; lastKnownFileType = sourcecode.swift; path = SceneDelegate.swift; sourceTree = "<group>"; };
		1A844701249C8652002813CB /* HomeViewController.swift */ = {isa = PBXFileReference; lastKnownFileType = sourcecode.swift; path = HomeViewController.swift; sourceTree = "<group>"; };
		1A844706249C8655002813CB /* Assets.xcassets */ = {isa = PBXFileReference; lastKnownFileType = folder.assetcatalog; path = Assets.xcassets; sourceTree = "<group>"; };
		1A844709249C8655002813CB /* Base */ = {isa = PBXFileReference; lastKnownFileType = file.storyboard; name = Base; path = Base.lproj/LaunchScreen.storyboard; sourceTree = "<group>"; };
		1A84470B249C8655002813CB /* Info.plist */ = {isa = PBXFileReference; lastKnownFileType = text.plist.xml; path = Info.plist; sourceTree = "<group>"; };
		1A844714249D4AEF002813CB /* APIClient.swift */ = {isa = PBXFileReference; lastKnownFileType = sourcecode.swift; path = APIClient.swift; sourceTree = "<group>"; };
		1A844716249D4B0C002813CB /* APIRequest.swift */ = {isa = PBXFileReference; lastKnownFileType = sourcecode.swift; path = APIRequest.swift; sourceTree = "<group>"; };
		1A844718249D4B1C002813CB /* APIError.swift */ = {isa = PBXFileReference; lastKnownFileType = sourcecode.swift; path = APIError.swift; sourceTree = "<group>"; };
		1A84471F249D4B88002813CB /* BFNetworking.framework */ = {isa = PBXFileReference; explicitFileType = wrapper.framework; includeInIndex = 0; path = BFNetworking.framework; sourceTree = BUILT_PRODUCTS_DIR; };
		1A844721249D4B88002813CB /* BFNetworking.h */ = {isa = PBXFileReference; lastKnownFileType = sourcecode.c.h; path = BFNetworking.h; sourceTree = "<group>"; };
		1A844722249D4B88002813CB /* Info.plist */ = {isa = PBXFileReference; lastKnownFileType = text.plist.xml; path = Info.plist; sourceTree = "<group>"; };
		1A844727249D4B88002813CB /* BFNetworkingTests.xctest */ = {isa = PBXFileReference; explicitFileType = wrapper.cfbundle; includeInIndex = 0; path = BFNetworkingTests.xctest; sourceTree = BUILT_PRODUCTS_DIR; };
		1A84472E249D4B88002813CB /* BFNetworkingTests.swift */ = {isa = PBXFileReference; lastKnownFileType = sourcecode.swift; path = BFNetworkingTests.swift; sourceTree = "<group>"; };
		1A844730249D4B88002813CB /* Info.plist */ = {isa = PBXFileReference; lastKnownFileType = text.plist.xml; path = Info.plist; sourceTree = "<group>"; };
		1A844741249D4C70002813CB /* FriendsViewController.swift */ = {isa = PBXFileReference; lastKnownFileType = sourcecode.swift; path = FriendsViewController.swift; sourceTree = "<group>"; };
		1A844743249D4C78002813CB /* CampsViewController.swift */ = {isa = PBXFileReference; lastKnownFileType = sourcecode.swift; path = CampsViewController.swift; sourceTree = "<group>"; };
		1A847D3124B08A7600530614 /* BFMedia.swift */ = {isa = PBXFileReference; lastKnownFileType = sourcecode.swift; path = BFMedia.swift; sourceTree = "<group>"; };
		1A847D3324B08A9400530614 /* BFMediaResolution.swift */ = {isa = PBXFileReference; lastKnownFileType = sourcecode.swift; path = BFMediaResolution.swift; sourceTree = "<group>"; };
		1A847D3524B08B1A00530614 /* BFMediaType.swift */ = {isa = PBXFileReference; lastKnownFileType = sourcecode.swift; path = BFMediaType.swift; sourceTree = "<group>"; };
		1A847D3824B1B65800530614 /* PostImageAttachmentCell.swift */ = {isa = PBXFileReference; lastKnownFileType = sourcecode.swift; path = PostImageAttachmentCell.swift; sourceTree = "<group>"; };
		1A847D3C24B1BAB300530614 /* Section.swift */ = {isa = PBXFileReference; lastKnownFileType = sourcecode.swift; path = Section.swift; sourceTree = "<group>"; };
		1A847D4024B1BB6E00530614 /* UserStreamRequest.swift */ = {isa = PBXFileReference; lastKnownFileType = sourcecode.swift; path = UserStreamRequest.swift; sourceTree = "<group>"; };
		1A847D4224B1BB7500530614 /* UserStreamResponse.swift */ = {isa = PBXFileReference; lastKnownFileType = sourcecode.swift; path = UserStreamResponse.swift; sourceTree = "<group>"; };
		1A847D4524B1BC1900530614 /* StreamControllerProtocol.swift */ = {isa = PBXFileReference; lastKnownFileType = sourcecode.swift; path = StreamControllerProtocol.swift; sourceTree = "<group>"; };
		1A847D4724B1BC2000530614 /* StreamController.swift */ = {isa = PBXFileReference; lastKnownFileType = sourcecode.swift; path = StreamController.swift; sourceTree = "<group>"; };
		1A847D4A24B1E47600530614 /* BFContext.swift */ = {isa = PBXFileReference; lastKnownFileType = sourcecode.swift; path = BFContext.swift; sourceTree = "<group>"; };
		1A847D4C24B1E48E00530614 /* BFPostContext.swift */ = {isa = PBXFileReference; lastKnownFileType = sourcecode.swift; path = BFPostContext.swift; sourceTree = "<group>"; };
		1A847D4F24B1E4C700530614 /* BFSummaries.swift */ = {isa = PBXFileReference; lastKnownFileType = sourcecode.swift; path = BFSummaries.swift; sourceTree = "<group>"; };
		1A847D5124B1E4E000530614 /* BFCountSummaries.swift */ = {isa = PBXFileReference; lastKnownFileType = sourcecode.swift; path = BFCountSummaries.swift; sourceTree = "<group>"; };
		1A847D5924B2432800530614 /* CampDetailViewController.swift */ = {isa = PBXFileReference; lastKnownFileType = sourcecode.swift; path = CampDetailViewController.swift; sourceTree = "<group>"; };
		1A847D5C24B247C900530614 /* BFViewController.swift */ = {isa = PBXFileReference; lastKnownFileType = sourcecode.swift; path = BFViewController.swift; sourceTree = "<group>"; };
		1A8FD29824A4E73D00F9EC5F /* MyCampsResponse.swift */ = {isa = PBXFileReference; lastKnownFileType = sourcecode.swift; path = MyCampsResponse.swift; sourceTree = "<group>"; };
		1A94DECB249F70D600AB0200 /* RoundedImageView.swift */ = {isa = PBXFileReference; lastKnownFileType = sourcecode.swift; path = RoundedImageView.swift; sourceTree = "<group>"; };
		1A94DECE249FB47D00AB0200 /* CampsTableViewController.swift */ = {isa = PBXFileReference; lastKnownFileType = sourcecode.swift; path = CampsTableViewController.swift; sourceTree = "<group>"; };
		1A94DED2249FB49B00AB0200 /* CampsTableViewCell.swift */ = {isa = PBXFileReference; lastKnownFileType = sourcecode.swift; path = CampsTableViewCell.swift; sourceTree = "<group>"; };
		1A94DED5249FB5FC00AB0200 /* FriendController.swift */ = {isa = PBXFileReference; lastKnownFileType = sourcecode.swift; path = FriendController.swift; sourceTree = "<group>"; };
		1A94DED8249FB61500AB0200 /* FriendControllerProtocol.swift */ = {isa = PBXFileReference; lastKnownFileType = sourcecode.swift; path = FriendControllerProtocol.swift; sourceTree = "<group>"; };
		1A9ECBDD24AA443F00391279 /* UserFriendsRequest.swift */ = {isa = PBXFileReference; lastKnownFileType = sourcecode.swift; path = UserFriendsRequest.swift; sourceTree = "<group>"; };
		1A9ECBDF24AA44D400391279 /* UserFriendsResponse.swift */ = {isa = PBXFileReference; lastKnownFileType = sourcecode.swift; path = UserFriendsResponse.swift; sourceTree = "<group>"; };
		1A9ECBE124AA471100391279 /* BFResource.swift */ = {isa = PBXFileReference; lastKnownFileType = sourcecode.swift; path = BFResource.swift; sourceTree = "<group>"; };
		1AAC6F0E24B3A5C400EFD803 /* AddReplyCell.swift */ = {isa = PBXFileReference; lastKnownFileType = sourcecode.swift; path = AddReplyCell.swift; sourceTree = "<group>"; };
		1ABDB17424A35EE100D05140 /* PostMessageCell.swift */ = {isa = PBXFileReference; lastKnownFileType = sourcecode.swift; path = PostMessageCell.swift; sourceTree = "<group>"; };
		1AF7FCEB24A2700B003FCF9F /* BFSegmentedControlButton.swift */ = {isa = PBXFileReference; lastKnownFileType = sourcecode.swift; path = BFSegmentedControlButton.swift; sourceTree = "<group>"; };
		1AFFB1C5249D514900E67E89 /* Constants.swift */ = {isa = PBXFileReference; lastKnownFileType = sourcecode.swift; path = Constants.swift; sourceTree = "<group>"; };
		D9EB895C24BE83ED00BC6F6D /* UIColor+Extensions.swift */ = {isa = PBXFileReference; lastKnownFileType = sourcecode.swift; path = "UIColor+Extensions.swift"; sourceTree = "<group>"; };
		D9EB895E24BE911B00BC6F6D /* String+Extensions.swift */ = {isa = PBXFileReference; lastKnownFileType = sourcecode.swift; path = "String+Extensions.swift"; sourceTree = "<group>"; };
/* End PBXFileReference section */

/* Begin PBXFrameworksBuildPhase section */
		1A7854AC249FBA5400BA1589 /* Frameworks */ = {
			isa = PBXFrameworksBuildPhase;
			buildActionMask = 2147483647;
			files = (
			);
			runOnlyForDeploymentPostprocessing = 0;
		};
		1A7854B4249FBA5400BA1589 /* Frameworks */ = {
			isa = PBXFrameworksBuildPhase;
			buildActionMask = 2147483647;
			files = (
				1A7854B8249FBA5400BA1589 /* BFCore.framework in Frameworks */,
			);
			runOnlyForDeploymentPostprocessing = 0;
		};
		1A8446F7249C8652002813CB /* Frameworks */ = {
			isa = PBXFrameworksBuildPhase;
			buildActionMask = 2147483647;
			files = (
				1A1B56DE24B396CA00294F22 /* SwipeableTabBarController in Frameworks */,
				1A847D5524B1EDDB00530614 /* Kingfisher in Frameworks */,
				1A844734249D4B88002813CB /* BFNetworking.framework in Frameworks */,
				1A847D5824B2426200530614 /* Hero in Frameworks */,
				1A7854C4249FBA5400BA1589 /* BFCore.framework in Frameworks */,
			);
			runOnlyForDeploymentPostprocessing = 0;
		};
		1A84471C249D4B88002813CB /* Frameworks */ = {
			isa = PBXFrameworksBuildPhase;
			buildActionMask = 2147483647;
			files = (
				1A6F958924B8E6AC004A20F4 /* KeychainSwift in Frameworks */,
				1A7854D2249FBB1300BA1589 /* BFCore.framework in Frameworks */,
			);
			runOnlyForDeploymentPostprocessing = 0;
		};
		1A844724249D4B88002813CB /* Frameworks */ = {
			isa = PBXFrameworksBuildPhase;
			buildActionMask = 2147483647;
			files = (
				1A844728249D4B88002813CB /* BFNetworking.framework in Frameworks */,
			);
			runOnlyForDeploymentPostprocessing = 0;
		};
/* End PBXFrameworksBuildPhase section */

/* Begin PBXGroup section */
		1A15AB5C24B3B1E3007722A4 /* Text */ = {
			isa = PBXGroup;
			children = (
				1A15AB5D24B3B1F1007722A4 /* BFTextField.swift */,
			);
			path = Text;
			sourceTree = "<group>";
		};
		1A212A0724BC868300A0DCD3 /* Form */ = {
			isa = PBXGroup;
			children = (
				1A212A1424BC88F900A0DCD3 /* Data */,
				1A212A0F24BC87A100A0DCD3 /* Forms */,
				1A212A0A24BC869400A0DCD3 /* Cells */,
				1A212A0824BC869100A0DCD3 /* BFFormCollectionViewController.swift */,
				1A212A0B24BC86C500A0DCD3 /* BFFormItem.swift */,
				1A212A0D24BC86F800A0DCD3 /* BFFormItemType.swift */,
				1A212A1224BC87FE00A0DCD3 /* BFForm.swift */,
			);
			path = Form;
			sourceTree = "<group>";
		};
		1A212A0A24BC869400A0DCD3 /* Cells */ = {
			isa = PBXGroup;
			children = (
			);
			path = Cells;
			sourceTree = "<group>";
		};
		1A212A0F24BC87A100A0DCD3 /* Forms */ = {
			isa = PBXGroup;
			children = (
				1A212A1024BC87B000A0DCD3 /* BFSignInForm.swift */,
			);
			path = Forms;
			sourceTree = "<group>";
		};
		1A212A1424BC88F900A0DCD3 /* Data */ = {
			isa = PBXGroup;
			children = (
				1A212A1524BC890000A0DCD3 /* BFSignInData.swift */,
			);
			path = Data;
			sourceTree = "<group>";
		};
		1A212A1724BC8A3900A0DCD3 /* Auth */ = {
			isa = PBXGroup;
			children = (
				1A212A2E24BC8EE300A0DCD3 /* Signup */,
				1A212A2924BC8CE600A0DCD3 /* OAuth */,
				1A212A1E24BC8AF300A0DCD3 /* Validation */,
			);
			path = Auth;
			sourceTree = "<group>";
		};
		1A212A1E24BC8AF300A0DCD3 /* Validation */ = {
			isa = PBXGroup;
			children = (
				1A212A2424BC8C0800A0DCD3 /* Username */,
				1A212A1F24BC8AF600A0DCD3 /* Email */,
			);
			path = Validation;
			sourceTree = "<group>";
		};
		1A212A1F24BC8AF600A0DCD3 /* Email */ = {
			isa = PBXGroup;
			children = (
				1A212A1824BC8A4D00A0DCD3 /* EmailValidationRequest.swift */,
				1A212A2024BC8B0100A0DCD3 /* EmailValidationResponse.swift */,
				1A212A2224BC8B3D00A0DCD3 /* EmailValidationQueryParams.swift */,
			);
			path = Email;
			sourceTree = "<group>";
		};
		1A212A2424BC8C0800A0DCD3 /* Username */ = {
			isa = PBXGroup;
			children = (
				1A212A1A24BC8A5600A0DCD3 /* UsernameValidationRequest.swift */,
				1A212A2524BC8C1900A0DCD3 /* UsernameValidationResponse.swift */,
				1A212A2724BC8C3500A0DCD3 /* UsernameValidationQueryParams.swift */,
			);
			path = Username;
			sourceTree = "<group>";
		};
		1A212A2924BC8CE600A0DCD3 /* OAuth */ = {
			isa = PBXGroup;
			children = (
				1A212A1C24BC8A6100A0DCD3 /* OAuthRequest.swift */,
				1A212A2A24BC8CEF00A0DCD3 /* OAuthResponse.swift */,
				1A212A2C24BC8CF700A0DCD3 /* OAuthRequestBody.swift */,
			);
			path = OAuth;
			sourceTree = "<group>";
		};
		1A212A2E24BC8EE300A0DCD3 /* Signup */ = {
			isa = PBXGroup;
			children = (
				1A212A2F24BC8EF600A0DCD3 /* SignupRequestBody.swift */,
				1A212A3124BC8EFD00A0DCD3 /* SignupRequest.swift */,
				1A212A3324BC8F0300A0DCD3 /* SignupResponse.swift */,
			);
			path = Signup;
			sourceTree = "<group>";
		};
		1A24430C24A0D8340039BAAB /* Feed */ = {
			isa = PBXGroup;
			children = (
				1A24430F24A0DACE0039BAAB /* Posts */,
				1A24430D24A0D83E0039BAAB /* BFFeedTableViewController.swift */,
			);
			path = Feed;
			sourceTree = "<group>";
		};
		1A24430F24A0DACE0039BAAB /* Posts */ = {
			isa = PBXGroup;
			children = (
				1AAC6F0D24B3A5BA00EFD803 /* Replies */,
				1A847D3724B1B64D00530614 /* Attachments */,
				1A24431024A0DAFE0039BAAB /* PostHeaderCell.swift */,
				1A24431224A0DB750039BAAB /* PostActionsCell.swift */,
				1ABDB17424A35EE100D05140 /* PostMessageCell.swift */,
			);
			path = Posts;
			sourceTree = "<group>";
		};
		1A57FAE8249F5D7E00A407F9 /* Extensions and Helpers */ = {
			isa = PBXGroup;
			children = (
				1A57FAE9249F5D8800A407F9 /* UIView+Extensions.swift */,
				1A94DECB249F70D600AB0200 /* RoundedImageView.swift */,
				1A24430A24A0D2750039BAAB /* UIFont+Extensions.swift */,
				1A24431424A0E7930039BAAB /* UIViewController+Extensions.swift */,
				D9EB895C24BE83ED00BC6F6D /* UIColor+Extensions.swift */,
				D9EB895E24BE911B00BC6F6D /* String+Extensions.swift */,
			);
			path = "Extensions and Helpers";
			sourceTree = "<group>";
		};
		1A6859BB249F631E008DB6BC /* Friends */ = {
			isa = PBXGroup;
			children = (
				1A844741249D4C70002813CB /* FriendsViewController.swift */,
				1A6859BC249F632A008DB6BC /* FriendsTableViewController.swift */,
				1A6859BE249F6376008DB6BC /* FriendTableViewCell.swift */,
			);
			path = Friends;
			sourceTree = "<group>";
		};
		1A6F958424B8E0B8004A20F4 /* Get Started */ = {
			isa = PBXGroup;
			children = (
				1A6F958524B8E0C4004A20F4 /* GetStartedViewController.swift */,
			);
			path = "Get Started";
			sourceTree = "<group>";
		};
		1A6F958A24B8E6BD004A20F4 /* Keychain */ = {
			isa = PBXGroup;
			children = (
				1A6F958B24B8E6C8004A20F4 /* Keychainable.swift */,
				1A6F958D24B8E6DA004A20F4 /* KeychainKey.swift */,
				1A6F958F24B8E6FD004A20F4 /* KeychainProperty.swift */,
				1A6F959124B8E712004A20F4 /* KeychainVault.swift */,
			);
			path = Keychain;
			sourceTree = "<group>";
		};
		1A7854B0249FBA5400BA1589 /* BFCore */ = {
			isa = PBXGroup;
			children = (
				1A847D4E24B1E4AB00530614 /* Summaries */,
				1A847D4924B1E46D00530614 /* Context */,
				1A847D3A24B1B80C00530614 /* Resources */,
				1A847D3024B08A6C00530614 /* Media */,
				1A7854B1249FBA5400BA1589 /* BFCore.h */,
				1A7854B2249FBA5400BA1589 /* Info.plist */,
				1A9ECBE124AA471100391279 /* BFResource.swift */,
			);
			path = BFCore;
			sourceTree = "<group>";
		};
		1A7854BD249FBA5400BA1589 /* BFCoreTests */ = {
			isa = PBXGroup;
			children = (
				1A7854BE249FBA5400BA1589 /* BFCoreTests.swift */,
				1A7854C0249FBA5400BA1589 /* Info.plist */,
			);
			path = BFCoreTests;
			sourceTree = "<group>";
		};
		1A7854D0249FBAE900BA1589 /* Endpoints */ = {
			isa = PBXGroup;
			children = (
				1A212A1724BC8A3900A0DCD3 /* Auth */,
				1A9ECBDC24AA441900391279 /* User */,
				1A9ECBDB24AA440B00391279 /* My Camps */,
			);
			path = Endpoints;
			sourceTree = "<group>";
		};
		1A7854D1249FBB1300BA1589 /* Frameworks */ = {
			isa = PBXGroup;
			children = (
			);
			name = Frameworks;
			sourceTree = "<group>";
		};
		1A7854D9249FBBBD00BA1589 /* Camps */ = {
			isa = PBXGroup;
			children = (
				1A7854D7249FBBBA00BA1589 /* CampController.swift */,
				1A7854DA249FBBC500BA1589 /* CampControllerProtocol.swift */,
			);
			path = Camps;
			sourceTree = "<group>";
		};
		1A7854E0249FBCDF00BA1589 /* Views */ = {
			isa = PBXGroup;
			children = (
				1A15AB5C24B3B1E3007722A4 /* Text */,
				1A7854E924A0CF1C00BA1589 /* Segmented Control */,
			);
			path = Views;
			sourceTree = "<group>";
		};
		1A7854E924A0CF1C00BA1589 /* Segmented Control */ = {
			isa = PBXGroup;
			children = (
				1A7854E1249FBCEB00BA1589 /* BFSegmentedControl.swift */,
				1A7854EA24A0CF2800BA1589 /* BFSegmentedControlItem.swift */,
				1AF7FCEB24A2700B003FCF9F /* BFSegmentedControlButton.swift */,
			);
			path = "Segmented Control";
			sourceTree = "<group>";
		};
		1A8446F1249C8652002813CB = {
			isa = PBXGroup;
			children = (
				1A8446FC249C8652002813CB /* Bonfire */,
				1A844720249D4B88002813CB /* BFNetworking */,
				1A84472D249D4B88002813CB /* BFNetworkingTests */,
				1A7854B0249FBA5400BA1589 /* BFCore */,
				1A7854BD249FBA5400BA1589 /* BFCoreTests */,
				1A8446FB249C8652002813CB /* Products */,
				1A7854D1249FBB1300BA1589 /* Frameworks */,
			);
			sourceTree = "<group>";
		};
		1A8446FB249C8652002813CB /* Products */ = {
			isa = PBXGroup;
			children = (
				1A8446FA249C8652002813CB /* Bonfire.app */,
				1A84471F249D4B88002813CB /* BFNetworking.framework */,
				1A844727249D4B88002813CB /* BFNetworkingTests.xctest */,
				1A7854AF249FBA5400BA1589 /* BFCore.framework */,
				1A7854B7249FBA5400BA1589 /* BFCoreTests.xctest */,
			);
			name = Products;
			sourceTree = "<group>";
		};
		1A8446FC249C8652002813CB /* Bonfire */ = {
			isa = PBXGroup;
			children = (
				1A7854E0249FBCDF00BA1589 /* Views */,
				1A94DED4249FB5EE00AB0200 /* Controller */,
				1A57FAE8249F5D7E00A407F9 /* Extensions and Helpers */,
				1AFFB1C5249D514900E67E89 /* Constants.swift */,
				1A844740249D4BAD002813CB /* View Controllers */,
				1A8446FD249C8652002813CB /* AppDelegate.swift */,
				1A8446FF249C8652002813CB /* SceneDelegate.swift */,
				1A844706249C8655002813CB /* Assets.xcassets */,
				1A844708249C8655002813CB /* LaunchScreen.storyboard */,
				1A84470B249C8655002813CB /* Info.plist */,
				1A6F959324B8E88E004A20F4 /* BFAppError.swift */,
			);
			path = Bonfire;
			sourceTree = "<group>";
		};
		1A844713249D4AAA002813CB /* Networking */ = {
			isa = PBXGroup;
			children = (
				1A844714249D4AEF002813CB /* APIClient.swift */,
				1A844716249D4B0C002813CB /* APIRequest.swift */,
				1A844718249D4B1C002813CB /* APIError.swift */,
				1A24431624A0E7BF0039BAAB /* AuthenticationType.swift */,
			);
			path = Networking;
			sourceTree = "<group>";
		};
		1A844720249D4B88002813CB /* BFNetworking */ = {
			isa = PBXGroup;
			children = (
				1A6F958A24B8E6BD004A20F4 /* Keychain */,
				1A7854D0249FBAE900BA1589 /* Endpoints */,
				1A844713249D4AAA002813CB /* Networking */,
				1A844721249D4B88002813CB /* BFNetworking.h */,
				1A844722249D4B88002813CB /* Info.plist */,
			);
			path = BFNetworking;
			sourceTree = "<group>";
		};
		1A84472D249D4B88002813CB /* BFNetworkingTests */ = {
			isa = PBXGroup;
			children = (
				1A84472E249D4B88002813CB /* BFNetworkingTests.swift */,
				1A844730249D4B88002813CB /* Info.plist */,
			);
			path = BFNetworkingTests;
			sourceTree = "<group>";
		};
		1A844740249D4BAD002813CB /* View Controllers */ = {
			isa = PBXGroup;
			children = (
				1A212A0724BC868300A0DCD3 /* Form */,
				1A6F958424B8E0B8004A20F4 /* Get Started */,
				1A847D5B24B247BE00530614 /* Presentation */,
				1A24430C24A0D8340039BAAB /* Feed */,
				1A94DECD249FB47300AB0200 /* Camps */,
				1A6859BB249F631E008DB6BC /* Friends */,
				1A57FAE6249F5D3D00A407F9 /* BFTabBarController.swift */,
				1A844701249C8652002813CB /* HomeViewController.swift */,
				1A6859B9249F61FB008DB6BC /* CreatePostViewController.swift */,
				1A7854E724A0B77800BA1589 /* BFNavigationController.swift */,
			);
			path = "View Controllers";
			sourceTree = "<group>";
		};
		1A847D3024B08A6C00530614 /* Media */ = {
			isa = PBXGroup;
			children = (
				1A847D3124B08A7600530614 /* BFMedia.swift */,
				1A847D3324B08A9400530614 /* BFMediaResolution.swift */,
				1A847D3524B08B1A00530614 /* BFMediaType.swift */,
			);
			path = Media;
			sourceTree = "<group>";
		};
		1A847D3724B1B64D00530614 /* Attachments */ = {
			isa = PBXGroup;
			children = (
				1A847D3824B1B65800530614 /* PostImageAttachmentCell.swift */,
			);
			path = Attachments;
			sourceTree = "<group>";
		};
		1A847D3A24B1B80C00530614 /* Resources */ = {
			isa = PBXGroup;
			children = (
				1A847D3B24B1B81B00530614 /* Identities */,
				1A7854DE249FBC2300BA1589 /* Post.swift */,
				1A7854DC249FBBF700BA1589 /* Camp.swift */,
				1A847D3C24B1BAB300530614 /* Section.swift */,
			);
			path = Resources;
			sourceTree = "<group>";
		};
		1A847D3B24B1B81B00530614 /* Identities */ = {
			isa = PBXGroup;
			children = (
				1A7854E3249FC07600BA1589 /* Identity.swift */,
				1A7854CC249FBA6C00BA1589 /* User.swift */,
				1A7854E5249FC09400BA1589 /* Bot.swift */,
			);
			path = Identities;
			sourceTree = "<group>";
		};
		1A847D3E24B1BB5A00530614 /* Friends */ = {
			isa = PBXGroup;
			children = (
				1A9ECBDD24AA443F00391279 /* UserFriendsRequest.swift */,
				1A9ECBDF24AA44D400391279 /* UserFriendsResponse.swift */,
			);
			path = Friends;
			sourceTree = "<group>";
		};
		1A847D3F24B1BB6000530614 /* Stream */ = {
			isa = PBXGroup;
			children = (
				1A847D4024B1BB6E00530614 /* UserStreamRequest.swift */,
				1A847D4224B1BB7500530614 /* UserStreamResponse.swift */,
			);
			path = Stream;
			sourceTree = "<group>";
		};
		1A847D4424B1BC1000530614 /* Stream */ = {
			isa = PBXGroup;
			children = (
				1A847D4524B1BC1900530614 /* StreamControllerProtocol.swift */,
				1A847D4724B1BC2000530614 /* StreamController.swift */,
			);
			path = Stream;
			sourceTree = "<group>";
		};
		1A847D4924B1E46D00530614 /* Context */ = {
			isa = PBXGroup;
			children = (
				1A847D4A24B1E47600530614 /* BFContext.swift */,
				1A847D4C24B1E48E00530614 /* BFPostContext.swift */,
			);
			path = Context;
			sourceTree = "<group>";
		};
		1A847D4E24B1E4AB00530614 /* Summaries */ = {
			isa = PBXGroup;
			children = (
				1A847D4F24B1E4C700530614 /* BFSummaries.swift */,
				1A847D5124B1E4E000530614 /* BFCountSummaries.swift */,
			);
			path = Summaries;
			sourceTree = "<group>";
		};
		1A847D5B24B247BE00530614 /* Presentation */ = {
			isa = PBXGroup;
			children = (
				1A847D5C24B247C900530614 /* BFViewController.swift */,
			);
			path = Presentation;
			sourceTree = "<group>";
		};
		1A94DECD249FB47300AB0200 /* Camps */ = {
			isa = PBXGroup;
			children = (
				1A94DECE249FB47D00AB0200 /* CampsTableViewController.swift */,
				1A844743249D4C78002813CB /* CampsViewController.swift */,
				1A94DED2249FB49B00AB0200 /* CampsTableViewCell.swift */,
				1A847D5924B2432800530614 /* CampDetailViewController.swift */,
			);
			path = Camps;
			sourceTree = "<group>";
		};
		1A94DED4249FB5EE00AB0200 /* Controller */ = {
			isa = PBXGroup;
			children = (
				1A847D4424B1BC1000530614 /* Stream */,
				1A7854D9249FBBBD00BA1589 /* Camps */,
				1A94DED7249FB60A00AB0200 /* Friends */,
			);
			path = Controller;
			sourceTree = "<group>";
		};
		1A94DED7249FB60A00AB0200 /* Friends */ = {
			isa = PBXGroup;
			children = (
				1A94DED5249FB5FC00AB0200 /* FriendController.swift */,
				1A94DED8249FB61500AB0200 /* FriendControllerProtocol.swift */,
			);
			path = Friends;
			sourceTree = "<group>";
		};
		1A9ECBDB24AA440B00391279 /* My Camps */ = {
			isa = PBXGroup;
			children = (
				1A7854CE249FBAE600BA1589 /* MyCampsRequest.swift */,
				1A8FD29824A4E73D00F9EC5F /* MyCampsResponse.swift */,
			);
			path = "My Camps";
			sourceTree = "<group>";
		};
		1A9ECBDC24AA441900391279 /* User */ = {
			isa = PBXGroup;
			children = (
				1A847D3F24B1BB6000530614 /* Stream */,
				1A847D3E24B1BB5A00530614 /* Friends */,
			);
			path = User;
			sourceTree = "<group>";
		};
		1AAC6F0D24B3A5BA00EFD803 /* Replies */ = {
			isa = PBXGroup;
			children = (
				1AAC6F0E24B3A5C400EFD803 /* AddReplyCell.swift */,
			);
			path = Replies;
			sourceTree = "<group>";
		};
/* End PBXGroup section */

/* Begin PBXHeadersBuildPhase section */
		1A7854AA249FBA5400BA1589 /* Headers */ = {
			isa = PBXHeadersBuildPhase;
			buildActionMask = 2147483647;
			files = (
				1A7854C1249FBA5400BA1589 /* BFCore.h in Headers */,
			);
			runOnlyForDeploymentPostprocessing = 0;
		};
		1A84471A249D4B88002813CB /* Headers */ = {
			isa = PBXHeadersBuildPhase;
			buildActionMask = 2147483647;
			files = (
				1A844731249D4B88002813CB /* BFNetworking.h in Headers */,
			);
			runOnlyForDeploymentPostprocessing = 0;
		};
/* End PBXHeadersBuildPhase section */

/* Begin PBXNativeTarget section */
		1A7854AE249FBA5400BA1589 /* BFCore */ = {
			isa = PBXNativeTarget;
			buildConfigurationList = 1A7854C6249FBA5400BA1589 /* Build configuration list for PBXNativeTarget "BFCore" */;
			buildPhases = (
				1A7854AA249FBA5400BA1589 /* Headers */,
				1A7854AB249FBA5400BA1589 /* Sources */,
				1A7854AC249FBA5400BA1589 /* Frameworks */,
				1A7854AD249FBA5400BA1589 /* Resources */,
			);
			buildRules = (
			);
			dependencies = (
			);
			name = BFCore;
			productName = BFCore;
			productReference = 1A7854AF249FBA5400BA1589 /* BFCore.framework */;
			productType = "com.apple.product-type.framework";
		};
		1A7854B6249FBA5400BA1589 /* BFCoreTests */ = {
			isa = PBXNativeTarget;
			buildConfigurationList = 1A7854C9249FBA5400BA1589 /* Build configuration list for PBXNativeTarget "BFCoreTests" */;
			buildPhases = (
				1A7854B3249FBA5400BA1589 /* Sources */,
				1A7854B4249FBA5400BA1589 /* Frameworks */,
				1A7854B5249FBA5400BA1589 /* Resources */,
			);
			buildRules = (
			);
			dependencies = (
				1A7854BA249FBA5400BA1589 /* PBXTargetDependency */,
				1A7854BC249FBA5400BA1589 /* PBXTargetDependency */,
			);
			name = BFCoreTests;
			productName = BFCoreTests;
			productReference = 1A7854B7249FBA5400BA1589 /* BFCoreTests.xctest */;
			productType = "com.apple.product-type.bundle.unit-test";
		};
		1A8446F9249C8652002813CB /* Bonfire */ = {
			isa = PBXNativeTarget;
			buildConfigurationList = 1A84470E249C8655002813CB /* Build configuration list for PBXNativeTarget "Bonfire" */;
			buildPhases = (
				1A8446F6249C8652002813CB /* Sources */,
				1A8446F7249C8652002813CB /* Frameworks */,
				1A8446F8249C8652002813CB /* Resources */,
				1A844739249D4B88002813CB /* Embed Frameworks */,
			);
			buildRules = (
			);
			dependencies = (
				1A844733249D4B88002813CB /* PBXTargetDependency */,
				1A7854C3249FBA5400BA1589 /* PBXTargetDependency */,
			);
			name = Bonfire;
			packageProductDependencies = (
				1A847D5424B1EDDB00530614 /* Kingfisher */,
				1A847D5724B2426200530614 /* Hero */,
				1A1B56DD24B396CA00294F22 /* SwipeableTabBarController */,
			);
			productName = Bonfire;
			productReference = 1A8446FA249C8652002813CB /* Bonfire.app */;
			productType = "com.apple.product-type.application";
		};
		1A84471E249D4B88002813CB /* BFNetworking */ = {
			isa = PBXNativeTarget;
			buildConfigurationList = 1A844736249D4B88002813CB /* Build configuration list for PBXNativeTarget "BFNetworking" */;
			buildPhases = (
				1A84471A249D4B88002813CB /* Headers */,
				1A84471B249D4B88002813CB /* Sources */,
				1A84471C249D4B88002813CB /* Frameworks */,
				1A84471D249D4B88002813CB /* Resources */,
			);
			buildRules = (
			);
			dependencies = (
				1A7854D5249FBB1300BA1589 /* PBXTargetDependency */,
			);
			name = BFNetworking;
			packageProductDependencies = (
				1A6F958824B8E6AC004A20F4 /* KeychainSwift */,
			);
			productName = BFNetworking;
			productReference = 1A84471F249D4B88002813CB /* BFNetworking.framework */;
			productType = "com.apple.product-type.framework";
		};
		1A844726249D4B88002813CB /* BFNetworkingTests */ = {
			isa = PBXNativeTarget;
			buildConfigurationList = 1A84473A249D4B88002813CB /* Build configuration list for PBXNativeTarget "BFNetworkingTests" */;
			buildPhases = (
				1A844723249D4B88002813CB /* Sources */,
				1A844724249D4B88002813CB /* Frameworks */,
				1A844725249D4B88002813CB /* Resources */,
			);
			buildRules = (
			);
			dependencies = (
				1A84472A249D4B88002813CB /* PBXTargetDependency */,
				1A84472C249D4B88002813CB /* PBXTargetDependency */,
			);
			name = BFNetworkingTests;
			productName = BFNetworkingTests;
			productReference = 1A844727249D4B88002813CB /* BFNetworkingTests.xctest */;
			productType = "com.apple.product-type.bundle.unit-test";
		};
/* End PBXNativeTarget section */

/* Begin PBXProject section */
		1A8446F2249C8652002813CB /* Project object */ = {
			isa = PBXProject;
			attributes = {
				LastSwiftUpdateCheck = 1140;
				LastUpgradeCheck = 1140;
				ORGANIZATIONNAME = Ingenious;
				TargetAttributes = {
					1A7854AE249FBA5400BA1589 = {
						CreatedOnToolsVersion = 11.4;
						LastSwiftMigration = 1140;
					};
					1A7854B6249FBA5400BA1589 = {
						CreatedOnToolsVersion = 11.4;
						TestTargetID = 1A8446F9249C8652002813CB;
					};
					1A8446F9249C8652002813CB = {
						CreatedOnToolsVersion = 11.4;
					};
					1A84471E249D4B88002813CB = {
						CreatedOnToolsVersion = 11.4;
					};
					1A844726249D4B88002813CB = {
						CreatedOnToolsVersion = 11.4;
						TestTargetID = 1A8446F9249C8652002813CB;
					};
				};
			};
			buildConfigurationList = 1A8446F5249C8652002813CB /* Build configuration list for PBXProject "Bonfire" */;
			compatibilityVersion = "Xcode 9.3";
			developmentRegion = en;
			hasScannedForEncodings = 0;
			knownRegions = (
				en,
				Base,
			);
			mainGroup = 1A8446F1249C8652002813CB;
			packageReferences = (
				1A847D5324B1EDDB00530614 /* XCRemoteSwiftPackageReference "Kingfisher" */,
				1A847D5624B2426200530614 /* XCRemoteSwiftPackageReference "Hero" */,
				1A1B56DC24B396CA00294F22 /* XCRemoteSwiftPackageReference "SwipeableTabBarController" */,
				1A6F958724B8E6AC004A20F4 /* XCRemoteSwiftPackageReference "keychain-swift" */,
			);
			productRefGroup = 1A8446FB249C8652002813CB /* Products */;
			projectDirPath = "";
			projectRoot = "";
			targets = (
				1A8446F9249C8652002813CB /* Bonfire */,
				1A84471E249D4B88002813CB /* BFNetworking */,
				1A844726249D4B88002813CB /* BFNetworkingTests */,
				1A7854AE249FBA5400BA1589 /* BFCore */,
				1A7854B6249FBA5400BA1589 /* BFCoreTests */,
			);
		};
/* End PBXProject section */

/* Begin PBXResourcesBuildPhase section */
		1A7854AD249FBA5400BA1589 /* Resources */ = {
			isa = PBXResourcesBuildPhase;
			buildActionMask = 2147483647;
			files = (
			);
			runOnlyForDeploymentPostprocessing = 0;
		};
		1A7854B5249FBA5400BA1589 /* Resources */ = {
			isa = PBXResourcesBuildPhase;
			buildActionMask = 2147483647;
			files = (
			);
			runOnlyForDeploymentPostprocessing = 0;
		};
		1A8446F8249C8652002813CB /* Resources */ = {
			isa = PBXResourcesBuildPhase;
			buildActionMask = 2147483647;
			files = (
				1A84470A249C8655002813CB /* LaunchScreen.storyboard in Resources */,
				1A844707249C8655002813CB /* Assets.xcassets in Resources */,
			);
			runOnlyForDeploymentPostprocessing = 0;
		};
		1A84471D249D4B88002813CB /* Resources */ = {
			isa = PBXResourcesBuildPhase;
			buildActionMask = 2147483647;
			files = (
			);
			runOnlyForDeploymentPostprocessing = 0;
		};
		1A844725249D4B88002813CB /* Resources */ = {
			isa = PBXResourcesBuildPhase;
			buildActionMask = 2147483647;
			files = (
			);
			runOnlyForDeploymentPostprocessing = 0;
		};
/* End PBXResourcesBuildPhase section */

/* Begin PBXSourcesBuildPhase section */
		1A7854AB249FBA5400BA1589 /* Sources */ = {
			isa = PBXSourcesBuildPhase;
			buildActionMask = 2147483647;
			files = (
				1A847D3624B08B1A00530614 /* BFMediaType.swift in Sources */,
				1A7854DF249FBC2300BA1589 /* Post.swift in Sources */,
				1A7854DD249FBBF700BA1589 /* Camp.swift in Sources */,
				1A7854CD249FBA6C00BA1589 /* User.swift in Sources */,
				1A847D4B24B1E47600530614 /* BFContext.swift in Sources */,
				1A847D4D24B1E48E00530614 /* BFPostContext.swift in Sources */,
				1A7854E4249FC07600BA1589 /* Identity.swift in Sources */,
				1A847D3D24B1BAB300530614 /* Section.swift in Sources */,
				1A7854E6249FC09400BA1589 /* Bot.swift in Sources */,
				1A9ECBE224AA471100391279 /* BFResource.swift in Sources */,
				1A847D3424B08A9400530614 /* BFMediaResolution.swift in Sources */,
				1A847D3224B08A7600530614 /* BFMedia.swift in Sources */,
				1A847D5224B1E4E000530614 /* BFCountSummaries.swift in Sources */,
				1A847D5024B1E4C700530614 /* BFSummaries.swift in Sources */,
			);
			runOnlyForDeploymentPostprocessing = 0;
		};
		1A7854B3249FBA5400BA1589 /* Sources */ = {
			isa = PBXSourcesBuildPhase;
			buildActionMask = 2147483647;
			files = (
				1A7854BF249FBA5400BA1589 /* BFCoreTests.swift in Sources */,
			);
			runOnlyForDeploymentPostprocessing = 0;
		};
		1A8446F6249C8652002813CB /* Sources */ = {
			isa = PBXSourcesBuildPhase;
			buildActionMask = 2147483647;
			files = (
				1A844744249D4C78002813CB /* CampsViewController.swift in Sources */,
				1A844742249D4C70002813CB /* FriendsViewController.swift in Sources */,
				1A24431524A0E7930039BAAB /* UIViewController+Extensions.swift in Sources */,
				1A7854E2249FBCEB00BA1589 /* BFSegmentedControl.swift in Sources */,
				1AF7FCEC24A2700B003FCF9F /* BFSegmentedControlButton.swift in Sources */,
				1A212A1124BC87B000A0DCD3 /* BFSignInForm.swift in Sources */,
				1A212A1624BC890000A0DCD3 /* BFSignInData.swift in Sources */,
				1A844702249C8652002813CB /* HomeViewController.swift in Sources */,
				1A24430E24A0D83E0039BAAB /* BFFeedTableViewController.swift in Sources */,
				1A24431324A0DB750039BAAB /* PostActionsCell.swift in Sources */,
				1A8446FE249C8652002813CB /* AppDelegate.swift in Sources */,
				1A847D4624B1BC1900530614 /* StreamControllerProtocol.swift in Sources */,
				1A212A1324BC87FE00A0DCD3 /* BFForm.swift in Sources */,
				1A6859BF249F6376008DB6BC /* FriendTableViewCell.swift in Sources */,
				1A24430B24A0D2750039BAAB /* UIFont+Extensions.swift in Sources */,
				1A847D5A24B2432800530614 /* CampDetailViewController.swift in Sources */,
				1A15AB5E24B3B1F1007722A4 /* BFTextField.swift in Sources */,
				1A212A0C24BC86C500A0DCD3 /* BFFormItem.swift in Sources */,
				1ABDB17524A35EE100D05140 /* PostMessageCell.swift in Sources */,
				D9EB895D24BE83ED00BC6F6D /* UIColor+Extensions.swift in Sources */,
				1A6F958624B8E0C4004A20F4 /* GetStartedViewController.swift in Sources */,
				1A212A0924BC869100A0DCD3 /* BFFormCollectionViewController.swift in Sources */,
				1AAC6F0F24B3A5C400EFD803 /* AddReplyCell.swift in Sources */,
				1A847D3924B1B65800530614 /* PostImageAttachmentCell.swift in Sources */,
				1A6859BD249F632A008DB6BC /* FriendsTableViewController.swift in Sources */,
				1A7854DB249FBBC500BA1589 /* CampControllerProtocol.swift in Sources */,
				1A844700249C8652002813CB /* SceneDelegate.swift in Sources */,
				1A847D5D24B247C900530614 /* BFViewController.swift in Sources */,
				1A94DED9249FB61500AB0200 /* FriendControllerProtocol.swift in Sources */,
				1A94DED6249FB5FC00AB0200 /* FriendController.swift in Sources */,
				1A847D4824B1BC2000530614 /* StreamController.swift in Sources */,
				1A6F959424B8E88E004A20F4 /* BFAppError.swift in Sources */,
				1A7854EB24A0CF2800BA1589 /* BFSegmentedControlItem.swift in Sources */,
				1A57FAE7249F5D3D00A407F9 /* BFTabBarController.swift in Sources */,
				1A94DECC249F70D600AB0200 /* RoundedImageView.swift in Sources */,
				1A7854D8249FBBBA00BA1589 /* CampController.swift in Sources */,
				1A24431124A0DAFE0039BAAB /* PostHeaderCell.swift in Sources */,
				1A57FAEA249F5D8800A407F9 /* UIView+Extensions.swift in Sources */,
				1A7854E824A0B77800BA1589 /* BFNavigationController.swift in Sources */,
				1A6859BA249F61FB008DB6BC /* CreatePostViewController.swift in Sources */,
				D9EB895F24BE911B00BC6F6D /* String+Extensions.swift in Sources */,
				1A212A0E24BC86F800A0DCD3 /* BFFormItemType.swift in Sources */,
				1A94DED3249FB49B00AB0200 /* CampsTableViewCell.swift in Sources */,
				1AFFB1C6249D514900E67E89 /* Constants.swift in Sources */,
				1A94DECF249FB47D00AB0200 /* CampsTableViewController.swift in Sources */,
			);
			runOnlyForDeploymentPostprocessing = 0;
		};
		1A84471B249D4B88002813CB /* Sources */ = {
			isa = PBXSourcesBuildPhase;
			buildActionMask = 2147483647;
			files = (
				1A212A1924BC8A4D00A0DCD3 /* EmailValidationRequest.swift in Sources */,
				1A8FD29924A4E73D00F9EC5F /* MyCampsResponse.swift in Sources */,
				1A212A2624BC8C1900A0DCD3 /* UsernameValidationResponse.swift in Sources */,
				1A6F958C24B8E6C8004A20F4 /* Keychainable.swift in Sources */,
				1A212A1D24BC8A6100A0DCD3 /* OAuthRequest.swift in Sources */,
				1A212A2824BC8C3500A0DCD3 /* UsernameValidationQueryParams.swift in Sources */,
				1A9ECBDE24AA443F00391279 /* UserFriendsRequest.swift in Sources */,
				1A212A3024BC8EF600A0DCD3 /* SignupRequestBody.swift in Sources */,
				1A212A3224BC8EFD00A0DCD3 /* SignupRequest.swift in Sources */,
				1A84473E249D4B9B002813CB /* APIRequest.swift in Sources */,
				1A212A2124BC8B0100A0DCD3 /* EmailValidationResponse.swift in Sources */,
				1A847D4124B1BB6E00530614 /* UserStreamRequest.swift in Sources */,
				1A6F958E24B8E6DA004A20F4 /* KeychainKey.swift in Sources */,
				1A6F959224B8E712004A20F4 /* KeychainVault.swift in Sources */,
				1A212A2B24BC8CEF00A0DCD3 /* OAuthResponse.swift in Sources */,
				1A84473D249D4B98002813CB /* APIClient.swift in Sources */,
				1A7854CF249FBAE600BA1589 /* MyCampsRequest.swift in Sources */,
				1A212A2324BC8B3D00A0DCD3 /* EmailValidationQueryParams.swift in Sources */,
				1A9ECBE024AA44D400391279 /* UserFriendsResponse.swift in Sources */,
				1A24431724A0E7BF0039BAAB /* AuthenticationType.swift in Sources */,
				1A6F959024B8E6FD004A20F4 /* KeychainProperty.swift in Sources */,
				1A212A2D24BC8CF700A0DCD3 /* OAuthRequestBody.swift in Sources */,
				1A84473F249D4B9B002813CB /* APIError.swift in Sources */,
				1A212A1B24BC8A5600A0DCD3 /* UsernameValidationRequest.swift in Sources */,
				1A212A3424BC8F0300A0DCD3 /* SignupResponse.swift in Sources */,
				1A847D4324B1BB7500530614 /* UserStreamResponse.swift in Sources */,
			);
			runOnlyForDeploymentPostprocessing = 0;
		};
		1A844723249D4B88002813CB /* Sources */ = {
			isa = PBXSourcesBuildPhase;
			buildActionMask = 2147483647;
			files = (
				1A84472F249D4B88002813CB /* BFNetworkingTests.swift in Sources */,
			);
			runOnlyForDeploymentPostprocessing = 0;
		};
/* End PBXSourcesBuildPhase section */

/* Begin PBXTargetDependency section */
		1A7854BA249FBA5400BA1589 /* PBXTargetDependency */ = {
			isa = PBXTargetDependency;
			target = 1A7854AE249FBA5400BA1589 /* BFCore */;
			targetProxy = 1A7854B9249FBA5400BA1589 /* PBXContainerItemProxy */;
		};
		1A7854BC249FBA5400BA1589 /* PBXTargetDependency */ = {
			isa = PBXTargetDependency;
			target = 1A8446F9249C8652002813CB /* Bonfire */;
			targetProxy = 1A7854BB249FBA5400BA1589 /* PBXContainerItemProxy */;
		};
		1A7854C3249FBA5400BA1589 /* PBXTargetDependency */ = {
			isa = PBXTargetDependency;
			target = 1A7854AE249FBA5400BA1589 /* BFCore */;
			targetProxy = 1A7854C2249FBA5400BA1589 /* PBXContainerItemProxy */;
		};
		1A7854D5249FBB1300BA1589 /* PBXTargetDependency */ = {
			isa = PBXTargetDependency;
			target = 1A7854AE249FBA5400BA1589 /* BFCore */;
			targetProxy = 1A7854D4249FBB1300BA1589 /* PBXContainerItemProxy */;
		};
		1A84472A249D4B88002813CB /* PBXTargetDependency */ = {
			isa = PBXTargetDependency;
			target = 1A84471E249D4B88002813CB /* BFNetworking */;
			targetProxy = 1A844729249D4B88002813CB /* PBXContainerItemProxy */;
		};
		1A84472C249D4B88002813CB /* PBXTargetDependency */ = {
			isa = PBXTargetDependency;
			target = 1A8446F9249C8652002813CB /* Bonfire */;
			targetProxy = 1A84472B249D4B88002813CB /* PBXContainerItemProxy */;
		};
		1A844733249D4B88002813CB /* PBXTargetDependency */ = {
			isa = PBXTargetDependency;
			target = 1A84471E249D4B88002813CB /* BFNetworking */;
			targetProxy = 1A844732249D4B88002813CB /* PBXContainerItemProxy */;
		};
/* End PBXTargetDependency section */

/* Begin PBXVariantGroup section */
		1A844708249C8655002813CB /* LaunchScreen.storyboard */ = {
			isa = PBXVariantGroup;
			children = (
				1A844709249C8655002813CB /* Base */,
			);
			name = LaunchScreen.storyboard;
			sourceTree = "<group>";
		};
/* End PBXVariantGroup section */

/* Begin XCBuildConfiguration section */
		1A7854C7249FBA5400BA1589 /* Debug */ = {
			isa = XCBuildConfiguration;
			buildSettings = {
				BUILD_LIBRARY_FOR_DISTRIBUTION = YES;
				CLANG_ENABLE_MODULES = YES;
				CODE_SIGN_STYLE = Automatic;
				CURRENT_PROJECT_VERSION = 1;
				DEFINES_MODULE = YES;
				DEVELOPMENT_TEAM = 4WLQG965T9;
				DYLIB_COMPATIBILITY_VERSION = 1;
				DYLIB_CURRENT_VERSION = 1;
				DYLIB_INSTALL_NAME_BASE = "@rpath";
				INFOPLIST_FILE = BFCore/Info.plist;
				INSTALL_PATH = "$(LOCAL_LIBRARY_DIR)/Frameworks";
				IPHONEOS_DEPLOYMENT_TARGET = 12.0;
				LD_RUNPATH_SEARCH_PATHS = (
					"$(inherited)",
					"@executable_path/Frameworks",
					"@loader_path/Frameworks",
				);
				PRODUCT_BUNDLE_IDENTIFIER = Ingenious.bonfire.BFCore;
				PRODUCT_NAME = "$(TARGET_NAME:c99extidentifier)";
				SKIP_INSTALL = YES;
				SWIFT_OPTIMIZATION_LEVEL = "-Onone";
				SWIFT_VERSION = 5.0;
				TARGETED_DEVICE_FAMILY = "1,2";
				VERSIONING_SYSTEM = "apple-generic";
				VERSION_INFO_PREFIX = "";
			};
			name = Debug;
		};
		1A7854C8249FBA5400BA1589 /* Release */ = {
			isa = XCBuildConfiguration;
			buildSettings = {
				BUILD_LIBRARY_FOR_DISTRIBUTION = YES;
				CLANG_ENABLE_MODULES = YES;
				CODE_SIGN_STYLE = Automatic;
				CURRENT_PROJECT_VERSION = 1;
				DEFINES_MODULE = YES;
				DEVELOPMENT_TEAM = 4WLQG965T9;
				DYLIB_COMPATIBILITY_VERSION = 1;
				DYLIB_CURRENT_VERSION = 1;
				DYLIB_INSTALL_NAME_BASE = "@rpath";
				INFOPLIST_FILE = BFCore/Info.plist;
				INSTALL_PATH = "$(LOCAL_LIBRARY_DIR)/Frameworks";
				IPHONEOS_DEPLOYMENT_TARGET = 12.0;
				LD_RUNPATH_SEARCH_PATHS = (
					"$(inherited)",
					"@executable_path/Frameworks",
					"@loader_path/Frameworks",
				);
				PRODUCT_BUNDLE_IDENTIFIER = Ingenious.bonfire.BFCore;
				PRODUCT_NAME = "$(TARGET_NAME:c99extidentifier)";
				SKIP_INSTALL = YES;
				SWIFT_VERSION = 5.0;
				TARGETED_DEVICE_FAMILY = "1,2";
				VERSIONING_SYSTEM = "apple-generic";
				VERSION_INFO_PREFIX = "";
			};
			name = Release;
		};
		1A7854CA249FBA5400BA1589 /* Debug */ = {
			isa = XCBuildConfiguration;
			buildSettings = {
				ALWAYS_EMBED_SWIFT_STANDARD_LIBRARIES = YES;
				CODE_SIGN_STYLE = Automatic;
				DEVELOPMENT_TEAM = 4WLQG965T9;
				INFOPLIST_FILE = BFCoreTests/Info.plist;
				LD_RUNPATH_SEARCH_PATHS = (
					"$(inherited)",
					"@executable_path/Frameworks",
					"@loader_path/Frameworks",
				);
				PRODUCT_BUNDLE_IDENTIFIER = Ingenious.bonfire.BFCoreTests;
				PRODUCT_NAME = "$(TARGET_NAME)";
				SWIFT_VERSION = 5.0;
				TARGETED_DEVICE_FAMILY = "1,2";
				TEST_HOST = "$(BUILT_PRODUCTS_DIR)/Bonfire.app/Bonfire";
			};
			name = Debug;
		};
		1A7854CB249FBA5400BA1589 /* Release */ = {
			isa = XCBuildConfiguration;
			buildSettings = {
				ALWAYS_EMBED_SWIFT_STANDARD_LIBRARIES = YES;
				CODE_SIGN_STYLE = Automatic;
				DEVELOPMENT_TEAM = 4WLQG965T9;
				INFOPLIST_FILE = BFCoreTests/Info.plist;
				LD_RUNPATH_SEARCH_PATHS = (
					"$(inherited)",
					"@executable_path/Frameworks",
					"@loader_path/Frameworks",
				);
				PRODUCT_BUNDLE_IDENTIFIER = Ingenious.bonfire.BFCoreTests;
				PRODUCT_NAME = "$(TARGET_NAME)";
				SWIFT_VERSION = 5.0;
				TARGETED_DEVICE_FAMILY = "1,2";
				TEST_HOST = "$(BUILT_PRODUCTS_DIR)/Bonfire.app/Bonfire";
			};
			name = Release;
		};
		1A84470C249C8655002813CB /* Debug */ = {
			isa = XCBuildConfiguration;
			buildSettings = {
				ALWAYS_SEARCH_USER_PATHS = NO;
				CLANG_ANALYZER_NONNULL = YES;
				CLANG_ANALYZER_NUMBER_OBJECT_CONVERSION = YES_AGGRESSIVE;
				CLANG_CXX_LANGUAGE_STANDARD = "gnu++14";
				CLANG_CXX_LIBRARY = "libc++";
				CLANG_ENABLE_MODULES = YES;
				CLANG_ENABLE_OBJC_ARC = YES;
				CLANG_ENABLE_OBJC_WEAK = YES;
				CLANG_WARN_BLOCK_CAPTURE_AUTORELEASING = YES;
				CLANG_WARN_BOOL_CONVERSION = YES;
				CLANG_WARN_COMMA = YES;
				CLANG_WARN_CONSTANT_CONVERSION = YES;
				CLANG_WARN_DEPRECATED_OBJC_IMPLEMENTATIONS = YES;
				CLANG_WARN_DIRECT_OBJC_ISA_USAGE = YES_ERROR;
				CLANG_WARN_DOCUMENTATION_COMMENTS = YES;
				CLANG_WARN_EMPTY_BODY = YES;
				CLANG_WARN_ENUM_CONVERSION = YES;
				CLANG_WARN_INFINITE_RECURSION = YES;
				CLANG_WARN_INT_CONVERSION = YES;
				CLANG_WARN_NON_LITERAL_NULL_CONVERSION = YES;
				CLANG_WARN_OBJC_IMPLICIT_RETAIN_SELF = YES;
				CLANG_WARN_OBJC_LITERAL_CONVERSION = YES;
				CLANG_WARN_OBJC_ROOT_CLASS = YES_ERROR;
				CLANG_WARN_RANGE_LOOP_ANALYSIS = YES;
				CLANG_WARN_STRICT_PROTOTYPES = YES;
				CLANG_WARN_SUSPICIOUS_MOVE = YES;
				CLANG_WARN_UNGUARDED_AVAILABILITY = YES_AGGRESSIVE;
				CLANG_WARN_UNREACHABLE_CODE = YES;
				CLANG_WARN__DUPLICATE_METHOD_MATCH = YES;
				COPY_PHASE_STRIP = NO;
				DEBUG_INFORMATION_FORMAT = dwarf;
				ENABLE_STRICT_OBJC_MSGSEND = YES;
				ENABLE_TESTABILITY = YES;
				GCC_C_LANGUAGE_STANDARD = gnu11;
				GCC_DYNAMIC_NO_PIC = NO;
				GCC_NO_COMMON_BLOCKS = YES;
				GCC_OPTIMIZATION_LEVEL = 0;
				GCC_PREPROCESSOR_DEFINITIONS = (
					"DEBUG=1",
					"$(inherited)",
				);
				GCC_WARN_64_TO_32_BIT_CONVERSION = YES;
				GCC_WARN_ABOUT_RETURN_TYPE = YES_ERROR;
				GCC_WARN_UNDECLARED_SELECTOR = YES;
				GCC_WARN_UNINITIALIZED_AUTOS = YES_AGGRESSIVE;
				GCC_WARN_UNUSED_FUNCTION = YES;
				GCC_WARN_UNUSED_VARIABLE = YES;
				IPHONEOS_DEPLOYMENT_TARGET = 13.4;
				MTL_ENABLE_DEBUG_INFO = INCLUDE_SOURCE;
				MTL_FAST_MATH = YES;
				ONLY_ACTIVE_ARCH = YES;
				SDKROOT = iphoneos;
				SWIFT_ACTIVE_COMPILATION_CONDITIONS = DEBUG;
				SWIFT_OPTIMIZATION_LEVEL = "-Onone";
			};
			name = Debug;
		};
		1A84470D249C8655002813CB /* Release */ = {
			isa = XCBuildConfiguration;
			buildSettings = {
				ALWAYS_SEARCH_USER_PATHS = NO;
				CLANG_ANALYZER_NONNULL = YES;
				CLANG_ANALYZER_NUMBER_OBJECT_CONVERSION = YES_AGGRESSIVE;
				CLANG_CXX_LANGUAGE_STANDARD = "gnu++14";
				CLANG_CXX_LIBRARY = "libc++";
				CLANG_ENABLE_MODULES = YES;
				CLANG_ENABLE_OBJC_ARC = YES;
				CLANG_ENABLE_OBJC_WEAK = YES;
				CLANG_WARN_BLOCK_CAPTURE_AUTORELEASING = YES;
				CLANG_WARN_BOOL_CONVERSION = YES;
				CLANG_WARN_COMMA = YES;
				CLANG_WARN_CONSTANT_CONVERSION = YES;
				CLANG_WARN_DEPRECATED_OBJC_IMPLEMENTATIONS = YES;
				CLANG_WARN_DIRECT_OBJC_ISA_USAGE = YES_ERROR;
				CLANG_WARN_DOCUMENTATION_COMMENTS = YES;
				CLANG_WARN_EMPTY_BODY = YES;
				CLANG_WARN_ENUM_CONVERSION = YES;
				CLANG_WARN_INFINITE_RECURSION = YES;
				CLANG_WARN_INT_CONVERSION = YES;
				CLANG_WARN_NON_LITERAL_NULL_CONVERSION = YES;
				CLANG_WARN_OBJC_IMPLICIT_RETAIN_SELF = YES;
				CLANG_WARN_OBJC_LITERAL_CONVERSION = YES;
				CLANG_WARN_OBJC_ROOT_CLASS = YES_ERROR;
				CLANG_WARN_RANGE_LOOP_ANALYSIS = YES;
				CLANG_WARN_STRICT_PROTOTYPES = YES;
				CLANG_WARN_SUSPICIOUS_MOVE = YES;
				CLANG_WARN_UNGUARDED_AVAILABILITY = YES_AGGRESSIVE;
				CLANG_WARN_UNREACHABLE_CODE = YES;
				CLANG_WARN__DUPLICATE_METHOD_MATCH = YES;
				COPY_PHASE_STRIP = NO;
				DEBUG_INFORMATION_FORMAT = "dwarf-with-dsym";
				ENABLE_NS_ASSERTIONS = NO;
				ENABLE_STRICT_OBJC_MSGSEND = YES;
				GCC_C_LANGUAGE_STANDARD = gnu11;
				GCC_NO_COMMON_BLOCKS = YES;
				GCC_WARN_64_TO_32_BIT_CONVERSION = YES;
				GCC_WARN_ABOUT_RETURN_TYPE = YES_ERROR;
				GCC_WARN_UNDECLARED_SELECTOR = YES;
				GCC_WARN_UNINITIALIZED_AUTOS = YES_AGGRESSIVE;
				GCC_WARN_UNUSED_FUNCTION = YES;
				GCC_WARN_UNUSED_VARIABLE = YES;
				IPHONEOS_DEPLOYMENT_TARGET = 13.4;
				MTL_ENABLE_DEBUG_INFO = NO;
				MTL_FAST_MATH = YES;
				SDKROOT = iphoneos;
				SWIFT_COMPILATION_MODE = wholemodule;
				SWIFT_OPTIMIZATION_LEVEL = "-O";
				VALIDATE_PRODUCT = YES;
			};
			name = Release;
		};
		1A84470F249C8655002813CB /* Debug */ = {
			isa = XCBuildConfiguration;
			buildSettings = {
				ALWAYS_EMBED_SWIFT_STANDARD_LIBRARIES = YES;
				ASSETCATALOG_COMPILER_APPICON_NAME = AppIcon;
				CODE_SIGN_IDENTITY = "Apple Development";
				CODE_SIGN_STYLE = Automatic;
				CURRENT_PROJECT_VERSION = 3;
				DEVELOPMENT_TEAM = 4WLQG965T9;
				INFOPLIST_FILE = Bonfire/Info.plist;
				IPHONEOS_DEPLOYMENT_TARGET = 12.0;
				LD_RUNPATH_SEARCH_PATHS = (
					"$(inherited)",
					"@executable_path/Frameworks",
				);
				MARKETING_VERSION = 2.0;
				PRODUCT_BUNDLE_IDENTIFIER = Ingenious.Bonfire;
				PRODUCT_NAME = "$(TARGET_NAME)";
				PROVISIONING_PROFILE_SPECIFIER = "";
				SWIFT_VERSION = 5.0;
				TARGETED_DEVICE_FAMILY = "1,2";
			};
			name = Debug;
		};
		1A844710249C8655002813CB /* Release */ = {
			isa = XCBuildConfiguration;
			buildSettings = {
				ALWAYS_EMBED_SWIFT_STANDARD_LIBRARIES = YES;
				ASSETCATALOG_COMPILER_APPICON_NAME = AppIcon;
				CODE_SIGN_IDENTITY = "Apple Development";
				CODE_SIGN_STYLE = Automatic;
				CURRENT_PROJECT_VERSION = 3;
				DEVELOPMENT_TEAM = 4WLQG965T9;
				INFOPLIST_FILE = Bonfire/Info.plist;
				IPHONEOS_DEPLOYMENT_TARGET = 12.0;
				LD_RUNPATH_SEARCH_PATHS = (
					"$(inherited)",
					"@executable_path/Frameworks",
				);
				MARKETING_VERSION = 2.0;
				PRODUCT_BUNDLE_IDENTIFIER = Ingenious.Bonfire;
				PRODUCT_NAME = "$(TARGET_NAME)";
				PROVISIONING_PROFILE_SPECIFIER = "";
				SWIFT_VERSION = 5.0;
				TARGETED_DEVICE_FAMILY = "1,2";
			};
			name = Release;
		};
		1A844737249D4B88002813CB /* Debug */ = {
			isa = XCBuildConfiguration;
			buildSettings = {
				BUILD_LIBRARY_FOR_DISTRIBUTION = YES;
				CODE_SIGN_STYLE = Automatic;
				CURRENT_PROJECT_VERSION = 1;
				DEFINES_MODULE = YES;
				DEVELOPMENT_TEAM = 4WLQG965T9;
				DYLIB_COMPATIBILITY_VERSION = 1;
				DYLIB_CURRENT_VERSION = 1;
				DYLIB_INSTALL_NAME_BASE = "@rpath";
				INFOPLIST_FILE = BFNetworking/Info.plist;
				INSTALL_PATH = "$(LOCAL_LIBRARY_DIR)/Frameworks";
				IPHONEOS_DEPLOYMENT_TARGET = 12.0;
				LD_RUNPATH_SEARCH_PATHS = (
					"$(inherited)",
					"@executable_path/Frameworks",
					"@loader_path/Frameworks",
				);
				PRODUCT_BUNDLE_IDENTIFIER = Ingenious.Bonfire.BFNetworking;
				PRODUCT_NAME = "$(TARGET_NAME:c99extidentifier)";
				SKIP_INSTALL = YES;
				SWIFT_VERSION = 5.0;
				TARGETED_DEVICE_FAMILY = "1,2";
				VERSIONING_SYSTEM = "apple-generic";
				VERSION_INFO_PREFIX = "";
			};
			name = Debug;
		};
		1A844738249D4B88002813CB /* Release */ = {
			isa = XCBuildConfiguration;
			buildSettings = {
				BUILD_LIBRARY_FOR_DISTRIBUTION = YES;
				CODE_SIGN_STYLE = Automatic;
				CURRENT_PROJECT_VERSION = 1;
				DEFINES_MODULE = YES;
				DEVELOPMENT_TEAM = 4WLQG965T9;
				DYLIB_COMPATIBILITY_VERSION = 1;
				DYLIB_CURRENT_VERSION = 1;
				DYLIB_INSTALL_NAME_BASE = "@rpath";
				INFOPLIST_FILE = BFNetworking/Info.plist;
				INSTALL_PATH = "$(LOCAL_LIBRARY_DIR)/Frameworks";
				IPHONEOS_DEPLOYMENT_TARGET = 12.0;
				LD_RUNPATH_SEARCH_PATHS = (
					"$(inherited)",
					"@executable_path/Frameworks",
					"@loader_path/Frameworks",
				);
				PRODUCT_BUNDLE_IDENTIFIER = Ingenious.Bonfire.BFNetworking;
				PRODUCT_NAME = "$(TARGET_NAME:c99extidentifier)";
				SKIP_INSTALL = YES;
				SWIFT_VERSION = 5.0;
				TARGETED_DEVICE_FAMILY = "1,2";
				VERSIONING_SYSTEM = "apple-generic";
				VERSION_INFO_PREFIX = "";
			};
			name = Release;
		};
		1A84473B249D4B88002813CB /* Debug */ = {
			isa = XCBuildConfiguration;
			buildSettings = {
				ALWAYS_EMBED_SWIFT_STANDARD_LIBRARIES = YES;
				CODE_SIGN_STYLE = Automatic;
				DEVELOPMENT_TEAM = 4WLQG965T9;
				INFOPLIST_FILE = BFNetworkingTests/Info.plist;
				LD_RUNPATH_SEARCH_PATHS = (
					"$(inherited)",
					"@executable_path/Frameworks",
					"@loader_path/Frameworks",
				);
				PRODUCT_BUNDLE_IDENTIFIER = Ingenious.Bonfire.BFNetworkingTests;
				PRODUCT_NAME = "$(TARGET_NAME)";
				SWIFT_VERSION = 5.0;
				TARGETED_DEVICE_FAMILY = "1,2";
				TEST_HOST = "$(BUILT_PRODUCTS_DIR)/Bonfire.app/Bonfire";
			};
			name = Debug;
		};
		1A84473C249D4B88002813CB /* Release */ = {
			isa = XCBuildConfiguration;
			buildSettings = {
				ALWAYS_EMBED_SWIFT_STANDARD_LIBRARIES = YES;
				CODE_SIGN_STYLE = Automatic;
				DEVELOPMENT_TEAM = 4WLQG965T9;
				INFOPLIST_FILE = BFNetworkingTests/Info.plist;
				LD_RUNPATH_SEARCH_PATHS = (
					"$(inherited)",
					"@executable_path/Frameworks",
					"@loader_path/Frameworks",
				);
				PRODUCT_BUNDLE_IDENTIFIER = Ingenious.Bonfire.BFNetworkingTests;
				PRODUCT_NAME = "$(TARGET_NAME)";
				SWIFT_VERSION = 5.0;
				TARGETED_DEVICE_FAMILY = "1,2";
				TEST_HOST = "$(BUILT_PRODUCTS_DIR)/Bonfire.app/Bonfire";
			};
			name = Release;
		};
/* End XCBuildConfiguration section */

/* Begin XCConfigurationList section */
		1A7854C6249FBA5400BA1589 /* Build configuration list for PBXNativeTarget "BFCore" */ = {
			isa = XCConfigurationList;
			buildConfigurations = (
				1A7854C7249FBA5400BA1589 /* Debug */,
				1A7854C8249FBA5400BA1589 /* Release */,
			);
			defaultConfigurationIsVisible = 0;
			defaultConfigurationName = Release;
		};
		1A7854C9249FBA5400BA1589 /* Build configuration list for PBXNativeTarget "BFCoreTests" */ = {
			isa = XCConfigurationList;
			buildConfigurations = (
				1A7854CA249FBA5400BA1589 /* Debug */,
				1A7854CB249FBA5400BA1589 /* Release */,
			);
			defaultConfigurationIsVisible = 0;
			defaultConfigurationName = Release;
		};
		1A8446F5249C8652002813CB /* Build configuration list for PBXProject "Bonfire" */ = {
			isa = XCConfigurationList;
			buildConfigurations = (
				1A84470C249C8655002813CB /* Debug */,
				1A84470D249C8655002813CB /* Release */,
			);
			defaultConfigurationIsVisible = 0;
			defaultConfigurationName = Release;
		};
		1A84470E249C8655002813CB /* Build configuration list for PBXNativeTarget "Bonfire" */ = {
			isa = XCConfigurationList;
			buildConfigurations = (
				1A84470F249C8655002813CB /* Debug */,
				1A844710249C8655002813CB /* Release */,
			);
			defaultConfigurationIsVisible = 0;
			defaultConfigurationName = Release;
		};
		1A844736249D4B88002813CB /* Build configuration list for PBXNativeTarget "BFNetworking" */ = {
			isa = XCConfigurationList;
			buildConfigurations = (
				1A844737249D4B88002813CB /* Debug */,
				1A844738249D4B88002813CB /* Release */,
			);
			defaultConfigurationIsVisible = 0;
			defaultConfigurationName = Release;
		};
		1A84473A249D4B88002813CB /* Build configuration list for PBXNativeTarget "BFNetworkingTests" */ = {
			isa = XCConfigurationList;
			buildConfigurations = (
				1A84473B249D4B88002813CB /* Debug */,
				1A84473C249D4B88002813CB /* Release */,
			);
			defaultConfigurationIsVisible = 0;
			defaultConfigurationName = Release;
		};
/* End XCConfigurationList section */

/* Begin XCRemoteSwiftPackageReference section */
		1A1B56DC24B396CA00294F22 /* XCRemoteSwiftPackageReference "SwipeableTabBarController" */ = {
			isa = XCRemoteSwiftPackageReference;
			repositoryURL = "https://github.com/marcosgriselli/SwipeableTabBarController";
			requirement = {
				kind = upToNextMajorVersion;
				minimumVersion = 3.2.1;
			};
		};
		1A6F958724B8E6AC004A20F4 /* XCRemoteSwiftPackageReference "keychain-swift" */ = {
			isa = XCRemoteSwiftPackageReference;
			repositoryURL = "https://github.com/evgenyneu/keychain-swift";
			requirement = {
				kind = upToNextMajorVersion;
				minimumVersion = 19.0.0;
			};
		};
		1A847D5324B1EDDB00530614 /* XCRemoteSwiftPackageReference "Kingfisher" */ = {
			isa = XCRemoteSwiftPackageReference;
			repositoryURL = "https://github.com/onevcat/Kingfisher.git";
			requirement = {
				kind = upToNextMajorVersion;
				minimumVersion = 5.14.0;
			};
		};
		1A847D5624B2426200530614 /* XCRemoteSwiftPackageReference "Hero" */ = {
			isa = XCRemoteSwiftPackageReference;
			repositoryURL = "https://github.com/HeroTransitions/Hero.git";
			requirement = {
				kind = upToNextMajorVersion;
				minimumVersion = 1.5.0;
			};
		};
/* End XCRemoteSwiftPackageReference section */

/* Begin XCSwiftPackageProductDependency section */
		1A1B56DD24B396CA00294F22 /* SwipeableTabBarController */ = {
			isa = XCSwiftPackageProductDependency;
			package = 1A1B56DC24B396CA00294F22 /* XCRemoteSwiftPackageReference "SwipeableTabBarController" */;
			productName = SwipeableTabBarController;
		};
		1A6F958824B8E6AC004A20F4 /* KeychainSwift */ = {
			isa = XCSwiftPackageProductDependency;
			package = 1A6F958724B8E6AC004A20F4 /* XCRemoteSwiftPackageReference "keychain-swift" */;
			productName = KeychainSwift;
		};
		1A847D5424B1EDDB00530614 /* Kingfisher */ = {
			isa = XCSwiftPackageProductDependency;
			package = 1A847D5324B1EDDB00530614 /* XCRemoteSwiftPackageReference "Kingfisher" */;
			productName = Kingfisher;
		};
		1A847D5724B2426200530614 /* Hero */ = {
			isa = XCSwiftPackageProductDependency;
			package = 1A847D5624B2426200530614 /* XCRemoteSwiftPackageReference "Hero" */;
			productName = Hero;
		};
/* End XCSwiftPackageProductDependency section */
	};
	rootObject = 1A8446F2249C8652002813CB /* Project object */;
}
